// !$*UTF8*$!
{
	archiveVersion = 1;
	classes = {
	};
	objectVersion = 56;
	objects = {

/* Begin PBXBuildFile section */
		95573CFB2A41D81500DFB244 /* CocoaLumberjack in Frameworks */ = {isa = PBXBuildFile; productRef = 95573CFA2A41D81500DFB244 /* CocoaLumberjack */; };
		95573CFD2A41D81500DFB244 /* CocoaLumberjackSwift in Frameworks */ = {isa = PBXBuildFile; productRef = 95573CFC2A41D81500DFB244 /* CocoaLumberjackSwift */; };
		95573CFF2A41D81500DFB244 /* CocoaLumberjackSwiftLogBackend in Frameworks */ = {isa = PBXBuildFile; productRef = 95573CFE2A41D81500DFB244 /* CocoaLumberjackSwiftLogBackend */; };
		95573D022A41DA7900DFB244 /* Logger.swift in Sources */ = {isa = PBXBuildFile; fileRef = 95573D012A41DA7900DFB244 /* Logger.swift */; };
		95573D042A41E29500DFB244 /* DDLogFlag+emoji.swift in Sources */ = {isa = PBXBuildFile; fileRef = 95573D032A41E29500DFB244 /* DDLogFlag+emoji.swift */; };
		95573D072A41E37100DFB244 /* LogStringConvertible.swift in Sources */ = {isa = PBXBuildFile; fileRef = 95573D062A41E37100DFB244 /* LogStringConvertible.swift */; };
		95573D092A41E3D900DFB244 /* LogCompatible.swift in Sources */ = {isa = PBXBuildFile; fileRef = 95573D082A41E3D900DFB244 /* LogCompatible.swift */; };
		95573D0D2A41F90100DFB244 /* Builder.swift in Sources */ = {isa = PBXBuildFile; fileRef = 95573D0C2A41F90100DFB244 /* Builder.swift */; };
		95573D0F2A41F96700DFB244 /* BuilderImpl.swift in Sources */ = {isa = PBXBuildFile; fileRef = 95573D0E2A41F96700DFB244 /* BuilderImpl.swift */; };
		95573D122A41F9CE00DFB244 /* CocoaLumberjackBuilder.swift in Sources */ = {isa = PBXBuildFile; fileRef = 95573D112A41F9CE00DFB244 /* CocoaLumberjackBuilder.swift */; };
		95573D142A4214F500DFB244 /* getSingleBeerRequest.swift in Sources */ = {isa = PBXBuildFile; fileRef = 95573D132A4214F500DFB244 /* getSingleBeerRequest.swift */; };
		95706F7C2A3A5740007FC87E /* SnapKit in Frameworks */ = {isa = PBXBuildFile; productRef = 95706F7B2A3A5740007FC87E /* SnapKit */; };
		95706F7F2A3A5BAD007FC87E /* Beer.swift in Sources */ = {isa = PBXBuildFile; fileRef = 95706F7E2A3A5BAD007FC87E /* Beer.swift */; };
		95706F812A3A5BE6007FC87E /* BoilVolume.swift in Sources */ = {isa = PBXBuildFile; fileRef = 95706F802A3A5BE6007FC87E /* BoilVolume.swift */; };
		95706F832A3A5C54007FC87E /* Fermentation.swift in Sources */ = {isa = PBXBuildFile; fileRef = 95706F822A3A5C54007FC87E /* Fermentation.swift */; };
		95706F852A3A5C6B007FC87E /* Method.swift in Sources */ = {isa = PBXBuildFile; fileRef = 95706F842A3A5C6B007FC87E /* Method.swift */; };
		95706F872A3A5C7E007FC87E /* MashTemp.swift in Sources */ = {isa = PBXBuildFile; fileRef = 95706F862A3A5C7E007FC87E /* MashTemp.swift */; };
		95706F892A3A5C93007FC87E /* Malt.swift in Sources */ = {isa = PBXBuildFile; fileRef = 95706F882A3A5C93007FC87E /* Malt.swift */; };
		95706F8B2A3A5D14007FC87E /* Hop.swift in Sources */ = {isa = PBXBuildFile; fileRef = 95706F8A2A3A5D13007FC87E /* Hop.swift */; };
		95706F8D2A3A5D80007FC87E /* Ingredients.swift in Sources */ = {isa = PBXBuildFile; fileRef = 95706F8C2A3A5D80007FC87E /* Ingredients.swift */; };
		95706F922A3A7327007FC87E /* Constants.swift in Sources */ = {isa = PBXBuildFile; fileRef = 95706F912A3A7327007FC87E /* Constants.swift */; };
		95706F942A3A773D007FC87E /* Request.swift in Sources */ = {isa = PBXBuildFile; fileRef = 95706F932A3A773D007FC87E /* Request.swift */; };
		95706F962A3A7797007FC87E /* HTTPMethod.swift in Sources */ = {isa = PBXBuildFile; fileRef = 95706F952A3A7797007FC87E /* HTTPMethod.swift */; };
		95706F992A3A7911007FC87E /* BodyDecoder.swift in Sources */ = {isa = PBXBuildFile; fileRef = 95706F982A3A7911007FC87E /* BodyDecoder.swift */; };
		95706F9B2A3A7938007FC87E /* BodyJSONDecoder.swift in Sources */ = {isa = PBXBuildFile; fileRef = 95706F9A2A3A7938007FC87E /* BodyJSONDecoder.swift */; };
		95706F9E2A3B23C6007FC87E /* NetworkError.swift in Sources */ = {isa = PBXBuildFile; fileRef = 95706F9D2A3B23C6007FC87E /* NetworkError.swift */; };
		95706FA12A3B2BC3007FC87E /* NetworkManager.swift in Sources */ = {isa = PBXBuildFile; fileRef = 95706FA02A3B2BC3007FC87E /* NetworkManager.swift */; };
		95706FA72A3B356B007FC87E /* BeerService.swift in Sources */ = {isa = PBXBuildFile; fileRef = 95706FA62A3B356B007FC87E /* BeerService.swift */; };
		95706FBA2A3BCFB1007FC87E /* SelectServerService.swift in Sources */ = {isa = PBXBuildFile; fileRef = 95706FB92A3BCFB1007FC87E /* SelectServerService.swift */; };
		95E7508D2A3A503D001CE8EA /* AppDelegate.swift in Sources */ = {isa = PBXBuildFile; fileRef = 95E7508C2A3A503D001CE8EA /* AppDelegate.swift */; };
		95E750912A3A503D001CE8EA /* ViewController.swift in Sources */ = {isa = PBXBuildFile; fileRef = 95E750902A3A503D001CE8EA /* ViewController.swift */; };
		95E750942A3A503D001CE8EA /* Main.storyboard in Resources */ = {isa = PBXBuildFile; fileRef = 95E750922A3A503D001CE8EA /* Main.storyboard */; };
		95E750972A3A503D001CE8EA /* punkproject.xcdatamodeld in Sources */ = {isa = PBXBuildFile; fileRef = 95E750952A3A503D001CE8EA /* punkproject.xcdatamodeld */; };
		95E750992A3A503E001CE8EA /* Assets.xcassets in Resources */ = {isa = PBXBuildFile; fileRef = 95E750982A3A503E001CE8EA /* Assets.xcassets */; };
		95E7509C2A3A503E001CE8EA /* LaunchScreen.storyboard in Resources */ = {isa = PBXBuildFile; fileRef = 95E7509A2A3A503E001CE8EA /* LaunchScreen.storyboard */; };
/* End PBXBuildFile section */

/* Begin PBXFileReference section */
		95573D012A41DA7900DFB244 /* Logger.swift */ = {isa = PBXFileReference; lastKnownFileType = sourcecode.swift; path = Logger.swift; sourceTree = "<group>"; };
		95573D032A41E29500DFB244 /* DDLogFlag+emoji.swift */ = {isa = PBXFileReference; lastKnownFileType = sourcecode.swift; path = "DDLogFlag+emoji.swift"; sourceTree = "<group>"; };
		95573D062A41E37100DFB244 /* LogStringConvertible.swift */ = {isa = PBXFileReference; lastKnownFileType = sourcecode.swift; path = LogStringConvertible.swift; sourceTree = "<group>"; };
		95573D082A41E3D900DFB244 /* LogCompatible.swift */ = {isa = PBXFileReference; lastKnownFileType = sourcecode.swift; path = LogCompatible.swift; sourceTree = "<group>"; };
		95573D0C2A41F90100DFB244 /* Builder.swift */ = {isa = PBXFileReference; lastKnownFileType = sourcecode.swift; path = Builder.swift; sourceTree = "<group>"; };
		95573D0E2A41F96700DFB244 /* BuilderImpl.swift */ = {isa = PBXFileReference; lastKnownFileType = sourcecode.swift; path = BuilderImpl.swift; sourceTree = "<group>"; };
		95573D112A41F9CE00DFB244 /* CocoaLumberjackBuilder.swift */ = {isa = PBXFileReference; lastKnownFileType = sourcecode.swift; path = CocoaLumberjackBuilder.swift; sourceTree = "<group>"; };
		95573D132A4214F500DFB244 /* getSingleBeerRequest.swift */ = {isa = PBXFileReference; lastKnownFileType = sourcecode.swift; path = getSingleBeerRequest.swift; sourceTree = "<group>"; };
		95706F7E2A3A5BAD007FC87E /* Beer.swift */ = {isa = PBXFileReference; lastKnownFileType = sourcecode.swift; path = Beer.swift; sourceTree = "<group>"; };
		95706F802A3A5BE6007FC87E /* BoilVolume.swift */ = {isa = PBXFileReference; lastKnownFileType = sourcecode.swift; path = BoilVolume.swift; sourceTree = "<group>"; };
		95706F822A3A5C54007FC87E /* Fermentation.swift */ = {isa = PBXFileReference; lastKnownFileType = sourcecode.swift; path = Fermentation.swift; sourceTree = "<group>"; };
		95706F842A3A5C6B007FC87E /* Method.swift */ = {isa = PBXFileReference; lastKnownFileType = sourcecode.swift; path = Method.swift; sourceTree = "<group>"; };
		95706F862A3A5C7E007FC87E /* MashTemp.swift */ = {isa = PBXFileReference; lastKnownFileType = sourcecode.swift; path = MashTemp.swift; sourceTree = "<group>"; };
		95706F882A3A5C93007FC87E /* Malt.swift */ = {isa = PBXFileReference; lastKnownFileType = sourcecode.swift; path = Malt.swift; sourceTree = "<group>"; };
		95706F8A2A3A5D13007FC87E /* Hop.swift */ = {isa = PBXFileReference; lastKnownFileType = sourcecode.swift; path = Hop.swift; sourceTree = "<group>"; };
		95706F8C2A3A5D80007FC87E /* Ingredients.swift */ = {isa = PBXFileReference; lastKnownFileType = sourcecode.swift; path = Ingredients.swift; sourceTree = "<group>"; };
		95706F912A3A7327007FC87E /* Constants.swift */ = {isa = PBXFileReference; lastKnownFileType = sourcecode.swift; path = Constants.swift; sourceTree = "<group>"; };
		95706F932A3A773D007FC87E /* Request.swift */ = {isa = PBXFileReference; lastKnownFileType = sourcecode.swift; path = Request.swift; sourceTree = "<group>"; };
		95706F952A3A7797007FC87E /* HTTPMethod.swift */ = {isa = PBXFileReference; lastKnownFileType = sourcecode.swift; path = HTTPMethod.swift; sourceTree = "<group>"; };
		95706F982A3A7911007FC87E /* BodyDecoder.swift */ = {isa = PBXFileReference; lastKnownFileType = sourcecode.swift; path = BodyDecoder.swift; sourceTree = "<group>"; };
		95706F9A2A3A7938007FC87E /* BodyJSONDecoder.swift */ = {isa = PBXFileReference; lastKnownFileType = sourcecode.swift; path = BodyJSONDecoder.swift; sourceTree = "<group>"; };
		95706F9D2A3B23C6007FC87E /* NetworkError.swift */ = {isa = PBXFileReference; lastKnownFileType = sourcecode.swift; path = NetworkError.swift; sourceTree = "<group>"; };
		95706FA02A3B2BC3007FC87E /* NetworkManager.swift */ = {isa = PBXFileReference; lastKnownFileType = sourcecode.swift; path = NetworkManager.swift; sourceTree = "<group>"; };
		95706FA62A3B356B007FC87E /* BeerService.swift */ = {isa = PBXFileReference; lastKnownFileType = sourcecode.swift; path = BeerService.swift; sourceTree = "<group>"; };
		95706FB92A3BCFB1007FC87E /* SelectServerService.swift */ = {isa = PBXFileReference; lastKnownFileType = sourcecode.swift; path = SelectServerService.swift; sourceTree = "<group>"; };
		95E750892A3A503D001CE8EA /* punkproject.app */ = {isa = PBXFileReference; explicitFileType = wrapper.application; includeInIndex = 0; path = punkproject.app; sourceTree = BUILT_PRODUCTS_DIR; };
		95E7508C2A3A503D001CE8EA /* AppDelegate.swift */ = {isa = PBXFileReference; lastKnownFileType = sourcecode.swift; path = AppDelegate.swift; sourceTree = "<group>"; };
		95E750902A3A503D001CE8EA /* ViewController.swift */ = {isa = PBXFileReference; lastKnownFileType = sourcecode.swift; path = ViewController.swift; sourceTree = "<group>"; };
		95E750932A3A503D001CE8EA /* Base */ = {isa = PBXFileReference; lastKnownFileType = file.storyboard; name = Base; path = Base.lproj/Main.storyboard; sourceTree = "<group>"; };
		95E750962A3A503D001CE8EA /* punkproject.xcdatamodel */ = {isa = PBXFileReference; lastKnownFileType = wrapper.xcdatamodel; path = punkproject.xcdatamodel; sourceTree = "<group>"; };
		95E750982A3A503E001CE8EA /* Assets.xcassets */ = {isa = PBXFileReference; lastKnownFileType = folder.assetcatalog; path = Assets.xcassets; sourceTree = "<group>"; };
		95E7509B2A3A503E001CE8EA /* Base */ = {isa = PBXFileReference; lastKnownFileType = file.storyboard; name = Base; path = Base.lproj/LaunchScreen.storyboard; sourceTree = "<group>"; };
		95E7509D2A3A503E001CE8EA /* Info.plist */ = {isa = PBXFileReference; lastKnownFileType = text.plist.xml; path = Info.plist; sourceTree = "<group>"; };
/* End PBXFileReference section */

/* Begin PBXFrameworksBuildPhase section */
		95E750862A3A503D001CE8EA /* Frameworks */ = {
			isa = PBXFrameworksBuildPhase;
			buildActionMask = 2147483647;
			files = (
				95573CFB2A41D81500DFB244 /* CocoaLumberjack in Frameworks */,
				95706F7C2A3A5740007FC87E /* SnapKit in Frameworks */,
				95573CFF2A41D81500DFB244 /* CocoaLumberjackSwiftLogBackend in Frameworks */,
				95573CFD2A41D81500DFB244 /* CocoaLumberjackSwift in Frameworks */,
			);
			runOnlyForDeploymentPostprocessing = 0;
		};
/* End PBXFrameworksBuildPhase section */

/* Begin PBXGroup section */
		95573D002A41DA5C00DFB244 /* Logger */ = {
			isa = PBXGroup;
			children = (
				95573D012A41DA7900DFB244 /* Logger.swift */,
				95573D052A41E29900DFB244 /* Extensions */,
			);
			path = Logger;
			sourceTree = "<group>";
		};
		95573D052A41E29900DFB244 /* Extensions */ = {
			isa = PBXGroup;
			children = (
				95573D032A41E29500DFB244 /* DDLogFlag+emoji.swift */,
				95573D062A41E37100DFB244 /* LogStringConvertible.swift */,
				95573D082A41E3D900DFB244 /* LogCompatible.swift */,
			);
			path = Extensions;
			sourceTree = "<group>";
		};
		95573D0A2A41F62500DFB244 /* Builder */ = {
			isa = PBXGroup;
			children = (
				95573D0C2A41F90100DFB244 /* Builder.swift */,
				95573D0E2A41F96700DFB244 /* BuilderImpl.swift */,
				95573D102A41F9B500DFB244 /* CocoaLumberjackBuilder */,
			);
			path = Builder;
			sourceTree = "<group>";
		};
		95573D0B2A41F66500DFB244 /* ApplicationAssembly */ = {
			isa = PBXGroup;
			children = (
			);
			path = ApplicationAssembly;
			sourceTree = "<group>";
		};
		95573D102A41F9B500DFB244 /* CocoaLumberjackBuilder */ = {
			isa = PBXGroup;
			children = (
				95573D112A41F9CE00DFB244 /* CocoaLumberjackBuilder.swift */,
			);
			path = CocoaLumberjackBuilder;
			sourceTree = "<group>";
		};
		95706F7D2A3A5B9D007FC87E /* Models */ = {
			isa = PBXGroup;
			children = (
				95706F7E2A3A5BAD007FC87E /* Beer.swift */,
				95706F802A3A5BE6007FC87E /* BoilVolume.swift */,
				95706F822A3A5C54007FC87E /* Fermentation.swift */,
				95706F842A3A5C6B007FC87E /* Method.swift */,
				95706F862A3A5C7E007FC87E /* MashTemp.swift */,
				95706F882A3A5C93007FC87E /* Malt.swift */,
				95706F8A2A3A5D13007FC87E /* Hop.swift */,
				95706F8C2A3A5D80007FC87E /* Ingredients.swift */,
			);
			path = Models;
			sourceTree = "<group>";
		};
		95706F8E2A3A7197007FC87E /* Network */ = {
			isa = PBXGroup;
			children = (
				95706F9F2A3B2B9B007FC87E /* NetworkManager */,
				95706F9C2A3B20BC007FC87E /* NetworkError */,
				95706F972A3A7907007FC87E /* Encoder */,
				95706F8F2A3A71A2007FC87E /* Request */,
			);
			path = Network;
			sourceTree = "<group>";
		};
		95706F8F2A3A71A2007FC87E /* Request */ = {
			isa = PBXGroup;
			children = (
				95706F932A3A773D007FC87E /* Request.swift */,
				95706F952A3A7797007FC87E /* HTTPMethod.swift */,
			);
			path = Request;
			sourceTree = "<group>";
		};
		95706F902A3A7318007FC87E /* Constants */ = {
			isa = PBXGroup;
			children = (
				95706F912A3A7327007FC87E /* Constants.swift */,
			);
			path = Constants;
			sourceTree = "<group>";
		};
		95706F972A3A7907007FC87E /* Encoder */ = {
			isa = PBXGroup;
			children = (
				95706F982A3A7911007FC87E /* BodyDecoder.swift */,
				95706F9A2A3A7938007FC87E /* BodyJSONDecoder.swift */,
			);
			path = Encoder;
			sourceTree = "<group>";
		};
		95706F9C2A3B20BC007FC87E /* NetworkError */ = {
			isa = PBXGroup;
			children = (
				95706F9D2A3B23C6007FC87E /* NetworkError.swift */,
			);
			path = NetworkError;
			sourceTree = "<group>";
		};
		95706F9F2A3B2B9B007FC87E /* NetworkManager */ = {
			isa = PBXGroup;
			children = (
				95706FA02A3B2BC3007FC87E /* NetworkManager.swift */,
			);
			path = NetworkManager;
			sourceTree = "<group>";
		};
		95706FA22A3B353F007FC87E /* Service */ = {
			isa = PBXGroup;
			children = (
				95706FB82A3BCE21007FC87E /* SelectServerService */,
				95706FA52A3B3559007FC87E /* BeerService */,
			);
			path = Service;
			sourceTree = "<group>";
		};
		95706FA52A3B3559007FC87E /* BeerService */ = {
			isa = PBXGroup;
			children = (
				95573D132A4214F500DFB244 /* getSingleBeerRequest.swift */,
				95706FA62A3B356B007FC87E /* BeerService.swift */,
			);
			path = BeerService;
			sourceTree = "<group>";
		};
		95706FB82A3BCE21007FC87E /* SelectServerService */ = {
			isa = PBXGroup;
			children = (
				95706FB92A3BCFB1007FC87E /* SelectServerService.swift */,
			);
			path = SelectServerService;
			sourceTree = "<group>";
		};
		95E750802A3A503D001CE8EA = {
			isa = PBXGroup;
			children = (
				95E7508B2A3A503D001CE8EA /* punkproject */,
				95E7508A2A3A503D001CE8EA /* Products */,
			);
			sourceTree = "<group>";
		};
		95E7508A2A3A503D001CE8EA /* Products */ = {
			isa = PBXGroup;
			children = (
				95E750892A3A503D001CE8EA /* punkproject.app */,
			);
			name = Products;
			sourceTree = "<group>";
		};
		95E7508B2A3A503D001CE8EA /* punkproject */ = {
			isa = PBXGroup;
			children = (
				95E750A42A3A5193001CE8EA /* Application Layer */,
				95706F7D2A3A5B9D007FC87E /* Models */,
				95E750A52A3A51AE001CE8EA /* Core Layer */,
				95E750A62A3A51B7001CE8EA /* Presentation Layer */,
				95E750A32A3A517A001CE8EA /* Resources */,
				95E750952A3A503D001CE8EA /* punkproject.xcdatamodeld */,
			);
			path = punkproject;
			sourceTree = "<group>";
		};
		95E750A32A3A517A001CE8EA /* Resources */ = {
			isa = PBXGroup;
			children = (
				95E750982A3A503E001CE8EA /* Assets.xcassets */,
				95E750922A3A503D001CE8EA /* Main.storyboard */,
				95E7509A2A3A503E001CE8EA /* LaunchScreen.storyboard */,
				95E7509D2A3A503E001CE8EA /* Info.plist */,
			);
			path = Resources;
			sourceTree = "<group>";
		};
		95E750A42A3A5193001CE8EA /* Application Layer */ = {
			isa = PBXGroup;
			children = (
				95E7508C2A3A503D001CE8EA /* AppDelegate.swift */,
				95573D0B2A41F66500DFB244 /* ApplicationAssembly */,
				95573D0A2A41F62500DFB244 /* Builder */,
			);
			path = "Application Layer";
			sourceTree = "<group>";
		};
		95E750A52A3A51AE001CE8EA /* Core Layer */ = {
			isa = PBXGroup;
			children = (
				95573D002A41DA5C00DFB244 /* Logger */,
				95706F902A3A7318007FC87E /* Constants */,
				95706FA22A3B353F007FC87E /* Service */,
				95706F8E2A3A7197007FC87E /* Network */,
			);
			path = "Core Layer";
			sourceTree = "<group>";
		};
		95E750A62A3A51B7001CE8EA /* Presentation Layer */ = {
			isa = PBXGroup;
			children = (
				95E750902A3A503D001CE8EA /* ViewController.swift */,
			);
			path = "Presentation Layer";
			sourceTree = "<group>";
		};
/* End PBXGroup section */

/* Begin PBXNativeTarget section */
		95E750882A3A503D001CE8EA /* punkproject */ = {
			isa = PBXNativeTarget;
			buildConfigurationList = 95E750A02A3A503E001CE8EA /* Build configuration list for PBXNativeTarget "punkproject" */;
			buildPhases = (
				95E750852A3A503D001CE8EA /* Sources */,
				95E750862A3A503D001CE8EA /* Frameworks */,
				95E750872A3A503D001CE8EA /* Resources */,
			);
			buildRules = (
			);
			dependencies = (
			);
			name = punkproject;
			packageProductDependencies = (
				95706F7B2A3A5740007FC87E /* SnapKit */,
				95573CFA2A41D81500DFB244 /* CocoaLumberjack */,
				95573CFC2A41D81500DFB244 /* CocoaLumberjackSwift */,
				95573CFE2A41D81500DFB244 /* CocoaLumberjackSwiftLogBackend */,
			);
			productName = punkproject;
			productReference = 95E750892A3A503D001CE8EA /* punkproject.app */;
			productType = "com.apple.product-type.application";
		};
/* End PBXNativeTarget section */

/* Begin PBXProject section */
		95E750812A3A503D001CE8EA /* Project object */ = {
			isa = PBXProject;
			attributes = {
				BuildIndependentTargetsInParallel = 1;
				LastSwiftUpdateCheck = 1430;
				LastUpgradeCheck = 1430;
				TargetAttributes = {
					95E750882A3A503D001CE8EA = {
						CreatedOnToolsVersion = 14.3.1;
					};
				};
			};
			buildConfigurationList = 95E750842A3A503D001CE8EA /* Build configuration list for PBXProject "punkproject" */;
			compatibilityVersion = "Xcode 14.0";
			developmentRegion = en;
			hasScannedForEncodings = 0;
			knownRegions = (
				en,
				Base,
			);
			mainGroup = 95E750802A3A503D001CE8EA;
			packageReferences = (
				95706F7A2A3A5740007FC87E /* XCRemoteSwiftPackageReference "SnapKit" */,
				95573CF92A41D81500DFB244 /* XCRemoteSwiftPackageReference "CocoaLumberjack" */,
			);
			productRefGroup = 95E7508A2A3A503D001CE8EA /* Products */;
			projectDirPath = "";
			projectRoot = "";
			targets = (
				95E750882A3A503D001CE8EA /* punkproject */,
			);
		};
/* End PBXProject section */

/* Begin PBXResourcesBuildPhase section */
		95E750872A3A503D001CE8EA /* Resources */ = {
			isa = PBXResourcesBuildPhase;
			buildActionMask = 2147483647;
			files = (
				95E7509C2A3A503E001CE8EA /* LaunchScreen.storyboard in Resources */,
				95E750992A3A503E001CE8EA /* Assets.xcassets in Resources */,
				95E750942A3A503D001CE8EA /* Main.storyboard in Resources */,
			);
			runOnlyForDeploymentPostprocessing = 0;
		};
/* End PBXResourcesBuildPhase section */

/* Begin PBXSourcesBuildPhase section */
		95E750852A3A503D001CE8EA /* Sources */ = {
			isa = PBXSourcesBuildPhase;
			buildActionMask = 2147483647;
			files = (
				95706FA12A3B2BC3007FC87E /* NetworkManager.swift in Sources */,
				95573D072A41E37100DFB244 /* LogStringConvertible.swift in Sources */,
				95E750912A3A503D001CE8EA /* ViewController.swift in Sources */,
				95E750972A3A503D001CE8EA /* punkproject.xcdatamodeld in Sources */,
				95706F7F2A3A5BAD007FC87E /* Beer.swift in Sources */,
				95706F9B2A3A7938007FC87E /* BodyJSONDecoder.swift in Sources */,
				95706FBA2A3BCFB1007FC87E /* SelectServerService.swift in Sources */,
				95706F8D2A3A5D80007FC87E /* Ingredients.swift in Sources */,
				95706F872A3A5C7E007FC87E /* MashTemp.swift in Sources */,
				95573D142A4214F500DFB244 /* getSingleBeerRequest.swift in Sources */,
				95E7508D2A3A503D001CE8EA /* AppDelegate.swift in Sources */,
				95573D022A41DA7900DFB244 /* Logger.swift in Sources */,
				95706F832A3A5C54007FC87E /* Fermentation.swift in Sources */,
				95706F852A3A5C6B007FC87E /* Method.swift in Sources */,
				95706F962A3A7797007FC87E /* HTTPMethod.swift in Sources */,
				95706FA72A3B356B007FC87E /* BeerService.swift in Sources */,
				95706F922A3A7327007FC87E /* Constants.swift in Sources */,
				95706F992A3A7911007FC87E /* BodyDecoder.swift in Sources */,
				95706F892A3A5C93007FC87E /* Malt.swift in Sources */,
				95706F942A3A773D007FC87E /* Request.swift in Sources */,
				95573D042A41E29500DFB244 /* DDLogFlag+emoji.swift in Sources */,
				95706F812A3A5BE6007FC87E /* BoilVolume.swift in Sources */,
				95706F9E2A3B23C6007FC87E /* NetworkError.swift in Sources */,
				95573D0D2A41F90100DFB244 /* Builder.swift in Sources */,
				95573D092A41E3D900DFB244 /* LogCompatible.swift in Sources */,
				95573D0F2A41F96700DFB244 /* BuilderImpl.swift in Sources */,
				95573D122A41F9CE00DFB244 /* CocoaLumberjackBuilder.swift in Sources */,
				95706F8B2A3A5D14007FC87E /* Hop.swift in Sources */,
			);
			runOnlyForDeploymentPostprocessing = 0;
		};
/* End PBXSourcesBuildPhase section */

/* Begin PBXVariantGroup section */
		95E750922A3A503D001CE8EA /* Main.storyboard */ = {
			isa = PBXVariantGroup;
			children = (
				95E750932A3A503D001CE8EA /* Base */,
			);
			name = Main.storyboard;
			sourceTree = "<group>";
		};
		95E7509A2A3A503E001CE8EA /* LaunchScreen.storyboard */ = {
			isa = PBXVariantGroup;
			children = (
				95E7509B2A3A503E001CE8EA /* Base */,
			);
			name = LaunchScreen.storyboard;
			sourceTree = "<group>";
		};
/* End PBXVariantGroup section */

/* Begin XCBuildConfiguration section */
		95706FAC2A3BCB29007FC87E /* Dev Debug */ = {
			isa = XCBuildConfiguration;
			buildSettings = {
				ALWAYS_SEARCH_USER_PATHS = NO;
				CLANG_ANALYZER_NONNULL = YES;
				CLANG_ANALYZER_NUMBER_OBJECT_CONVERSION = YES_AGGRESSIVE;
				CLANG_CXX_LANGUAGE_STANDARD = "gnu++20";
				CLANG_ENABLE_MODULES = YES;
				CLANG_ENABLE_OBJC_ARC = YES;
				CLANG_ENABLE_OBJC_WEAK = YES;
				CLANG_WARN_BLOCK_CAPTURE_AUTORELEASING = YES;
				CLANG_WARN_BOOL_CONVERSION = YES;
				CLANG_WARN_COMMA = YES;
				CLANG_WARN_CONSTANT_CONVERSION = YES;
				CLANG_WARN_DEPRECATED_OBJC_IMPLEMENTATIONS = YES;
				CLANG_WARN_DIRECT_OBJC_ISA_USAGE = YES_ERROR;
				CLANG_WARN_DOCUMENTATION_COMMENTS = YES;
				CLANG_WARN_EMPTY_BODY = YES;
				CLANG_WARN_ENUM_CONVERSION = YES;
				CLANG_WARN_INFINITE_RECURSION = YES;
				CLANG_WARN_INT_CONVERSION = YES;
				CLANG_WARN_NON_LITERAL_NULL_CONVERSION = YES;
				CLANG_WARN_OBJC_IMPLICIT_RETAIN_SELF = YES;
				CLANG_WARN_OBJC_LITERAL_CONVERSION = YES;
				CLANG_WARN_OBJC_ROOT_CLASS = YES_ERROR;
				CLANG_WARN_QUOTED_INCLUDE_IN_FRAMEWORK_HEADER = YES;
				CLANG_WARN_RANGE_LOOP_ANALYSIS = YES;
				CLANG_WARN_STRICT_PROTOTYPES = YES;
				CLANG_WARN_SUSPICIOUS_MOVE = YES;
				CLANG_WARN_UNGUARDED_AVAILABILITY = YES_AGGRESSIVE;
				CLANG_WARN_UNREACHABLE_CODE = YES;
				CLANG_WARN__DUPLICATE_METHOD_MATCH = YES;
				COPY_PHASE_STRIP = NO;
				DEBUG_INFORMATION_FORMAT = dwarf;
				ENABLE_STRICT_OBJC_MSGSEND = YES;
				ENABLE_TESTABILITY = YES;
				GCC_C_LANGUAGE_STANDARD = gnu11;
				GCC_DYNAMIC_NO_PIC = NO;
				GCC_NO_COMMON_BLOCKS = YES;
				GCC_OPTIMIZATION_LEVEL = 0;
				GCC_PREPROCESSOR_DEFINITIONS = (
					"DEBUG=1",
					"$(inherited)",
				);
				GCC_WARN_64_TO_32_BIT_CONVERSION = YES;
				GCC_WARN_ABOUT_RETURN_TYPE = YES_ERROR;
				GCC_WARN_UNDECLARED_SELECTOR = YES;
				GCC_WARN_UNINITIALIZED_AUTOS = YES_AGGRESSIVE;
				GCC_WARN_UNUSED_FUNCTION = YES;
				GCC_WARN_UNUSED_VARIABLE = YES;
				IPHONEOS_DEPLOYMENT_TARGET = 16.4;
				MTL_ENABLE_DEBUG_INFO = INCLUDE_SOURCE;
				MTL_FAST_MATH = YES;
				ONLY_ACTIVE_ARCH = YES;
				SDKROOT = iphoneos;
				SWIFT_ACTIVE_COMPILATION_CONDITIONS = DEV;
				SWIFT_OPTIMIZATION_LEVEL = "-Onone";
			};
			name = "Dev Debug";
		};
		95706FAD2A3BCB29007FC87E /* Dev Debug */ = {
			isa = XCBuildConfiguration;
			buildSettings = {
				ASSETCATALOG_COMPILER_APPICON_NAME = AppIcon;
				ASSETCATALOG_COMPILER_GLOBAL_ACCENT_COLOR_NAME = AccentColor;
				CODE_SIGN_STYLE = Automatic;
				CURRENT_PROJECT_VERSION = 1;
				DEVELOPMENT_TEAM = 727WSJDZ7D;
				GENERATE_INFOPLIST_FILE = YES;
				INFOPLIST_FILE = punkproject/Resources/Info.plist;
				INFOPLIST_KEY_UIApplicationSupportsIndirectInputEvents = YES;
				INFOPLIST_KEY_UILaunchStoryboardName = LaunchScreen;
				INFOPLIST_KEY_UIMainStoryboardFile = Main;
				INFOPLIST_KEY_UISupportedInterfaceOrientations_iPad = "UIInterfaceOrientationPortrait UIInterfaceOrientationPortraitUpsideDown UIInterfaceOrientationLandscapeLeft UIInterfaceOrientationLandscapeRight";
				INFOPLIST_KEY_UISupportedInterfaceOrientations_iPhone = "UIInterfaceOrientationPortrait UIInterfaceOrientationLandscapeLeft UIInterfaceOrientationLandscapeRight";
				LD_RUNPATH_SEARCH_PATHS = (
					"$(inherited)",
					"@executable_path/Frameworks",
				);
				MARKETING_VERSION = 1.0;
				PRODUCT_BUNDLE_IDENTIFIER = none.punkproject;
				PRODUCT_NAME = "$(TARGET_NAME)";
				SWIFT_EMIT_LOC_STRINGS = YES;
				SWIFT_VERSION = 5.0;
				TARGETED_DEVICE_FAMILY = "1,2";
			};
			name = "Dev Debug";
		};
		95706FAE2A3BCB41007FC87E /* QA Debug */ = {
			isa = XCBuildConfiguration;
			buildSettings = {
				ALWAYS_SEARCH_USER_PATHS = NO;
				CLANG_ANALYZER_NONNULL = YES;
				CLANG_ANALYZER_NUMBER_OBJECT_CONVERSION = YES_AGGRESSIVE;
				CLANG_CXX_LANGUAGE_STANDARD = "gnu++20";
				CLANG_ENABLE_MODULES = YES;
				CLANG_ENABLE_OBJC_ARC = YES;
				CLANG_ENABLE_OBJC_WEAK = YES;
				CLANG_WARN_BLOCK_CAPTURE_AUTORELEASING = YES;
				CLANG_WARN_BOOL_CONVERSION = YES;
				CLANG_WARN_COMMA = YES;
				CLANG_WARN_CONSTANT_CONVERSION = YES;
				CLANG_WARN_DEPRECATED_OBJC_IMPLEMENTATIONS = YES;
				CLANG_WARN_DIRECT_OBJC_ISA_USAGE = YES_ERROR;
				CLANG_WARN_DOCUMENTATION_COMMENTS = YES;
				CLANG_WARN_EMPTY_BODY = YES;
				CLANG_WARN_ENUM_CONVERSION = YES;
				CLANG_WARN_INFINITE_RECURSION = YES;
				CLANG_WARN_INT_CONVERSION = YES;
				CLANG_WARN_NON_LITERAL_NULL_CONVERSION = YES;
				CLANG_WARN_OBJC_IMPLICIT_RETAIN_SELF = YES;
				CLANG_WARN_OBJC_LITERAL_CONVERSION = YES;
				CLANG_WARN_OBJC_ROOT_CLASS = YES_ERROR;
				CLANG_WARN_QUOTED_INCLUDE_IN_FRAMEWORK_HEADER = YES;
				CLANG_WARN_RANGE_LOOP_ANALYSIS = YES;
				CLANG_WARN_STRICT_PROTOTYPES = YES;
				CLANG_WARN_SUSPICIOUS_MOVE = YES;
				CLANG_WARN_UNGUARDED_AVAILABILITY = YES_AGGRESSIVE;
				CLANG_WARN_UNREACHABLE_CODE = YES;
				CLANG_WARN__DUPLICATE_METHOD_MATCH = YES;
				COPY_PHASE_STRIP = NO;
				DEBUG_INFORMATION_FORMAT = dwarf;
				ENABLE_STRICT_OBJC_MSGSEND = YES;
				ENABLE_TESTABILITY = YES;
				GCC_C_LANGUAGE_STANDARD = gnu11;
				GCC_DYNAMIC_NO_PIC = NO;
				GCC_NO_COMMON_BLOCKS = YES;
				GCC_OPTIMIZATION_LEVEL = 0;
				GCC_PREPROCESSOR_DEFINITIONS = (
					"DEBUG=1",
					"$(inherited)",
				);
				GCC_WARN_64_TO_32_BIT_CONVERSION = YES;
				GCC_WARN_ABOUT_RETURN_TYPE = YES_ERROR;
				GCC_WARN_UNDECLARED_SELECTOR = YES;
				GCC_WARN_UNINITIALIZED_AUTOS = YES_AGGRESSIVE;
				GCC_WARN_UNUSED_FUNCTION = YES;
				GCC_WARN_UNUSED_VARIABLE = YES;
				IPHONEOS_DEPLOYMENT_TARGET = 16.4;
				MTL_ENABLE_DEBUG_INFO = INCLUDE_SOURCE;
				MTL_FAST_MATH = YES;
				ONLY_ACTIVE_ARCH = YES;
				SDKROOT = iphoneos;
				SWIFT_ACTIVE_COMPILATION_CONDITIONS = QA;
				SWIFT_OPTIMIZATION_LEVEL = "-Onone";
			};
			name = "QA Debug";
		};
		95706FAF2A3BCB41007FC87E /* QA Debug */ = {
			isa = XCBuildConfiguration;
			buildSettings = {
				ASSETCATALOG_COMPILER_APPICON_NAME = AppIcon;
				ASSETCATALOG_COMPILER_GLOBAL_ACCENT_COLOR_NAME = AccentColor;
				CODE_SIGN_STYLE = Automatic;
				CURRENT_PROJECT_VERSION = 1;
				DEVELOPMENT_TEAM = 727WSJDZ7D;
				GENERATE_INFOPLIST_FILE = YES;
				INFOPLIST_FILE = punkproject/Resources/Info.plist;
				INFOPLIST_KEY_UIApplicationSupportsIndirectInputEvents = YES;
				INFOPLIST_KEY_UILaunchStoryboardName = LaunchScreen;
				INFOPLIST_KEY_UIMainStoryboardFile = Main;
				INFOPLIST_KEY_UISupportedInterfaceOrientations_iPad = "UIInterfaceOrientationPortrait UIInterfaceOrientationPortraitUpsideDown UIInterfaceOrientationLandscapeLeft UIInterfaceOrientationLandscapeRight";
				INFOPLIST_KEY_UISupportedInterfaceOrientations_iPhone = "UIInterfaceOrientationPortrait UIInterfaceOrientationLandscapeLeft UIInterfaceOrientationLandscapeRight";
				LD_RUNPATH_SEARCH_PATHS = (
					"$(inherited)",
					"@executable_path/Frameworks",
				);
				MARKETING_VERSION = 1.0;
				PRODUCT_BUNDLE_IDENTIFIER = none.punkproject;
				PRODUCT_NAME = "$(TARGET_NAME)";
				SWIFT_EMIT_LOC_STRINGS = YES;
				SWIFT_VERSION = 5.0;
				TARGETED_DEVICE_FAMILY = "1,2";
			};
			name = "QA Debug";
		};
		95706FB02A3BCB74007FC87E /* Prod Debug */ = {
			isa = XCBuildConfiguration;
			buildSettings = {
				ALWAYS_SEARCH_USER_PATHS = NO;
				CLANG_ANALYZER_NONNULL = YES;
				CLANG_ANALYZER_NUMBER_OBJECT_CONVERSION = YES_AGGRESSIVE;
				CLANG_CXX_LANGUAGE_STANDARD = "gnu++20";
				CLANG_ENABLE_MODULES = YES;
				CLANG_ENABLE_OBJC_ARC = YES;
				CLANG_ENABLE_OBJC_WEAK = YES;
				CLANG_WARN_BLOCK_CAPTURE_AUTORELEASING = YES;
				CLANG_WARN_BOOL_CONVERSION = YES;
				CLANG_WARN_COMMA = YES;
				CLANG_WARN_CONSTANT_CONVERSION = YES;
				CLANG_WARN_DEPRECATED_OBJC_IMPLEMENTATIONS = YES;
				CLANG_WARN_DIRECT_OBJC_ISA_USAGE = YES_ERROR;
				CLANG_WARN_DOCUMENTATION_COMMENTS = YES;
				CLANG_WARN_EMPTY_BODY = YES;
				CLANG_WARN_ENUM_CONVERSION = YES;
				CLANG_WARN_INFINITE_RECURSION = YES;
				CLANG_WARN_INT_CONVERSION = YES;
				CLANG_WARN_NON_LITERAL_NULL_CONVERSION = YES;
				CLANG_WARN_OBJC_IMPLICIT_RETAIN_SELF = YES;
				CLANG_WARN_OBJC_LITERAL_CONVERSION = YES;
				CLANG_WARN_OBJC_ROOT_CLASS = YES_ERROR;
				CLANG_WARN_QUOTED_INCLUDE_IN_FRAMEWORK_HEADER = YES;
				CLANG_WARN_RANGE_LOOP_ANALYSIS = YES;
				CLANG_WARN_STRICT_PROTOTYPES = YES;
				CLANG_WARN_SUSPICIOUS_MOVE = YES;
				CLANG_WARN_UNGUARDED_AVAILABILITY = YES_AGGRESSIVE;
				CLANG_WARN_UNREACHABLE_CODE = YES;
				CLANG_WARN__DUPLICATE_METHOD_MATCH = YES;
				COPY_PHASE_STRIP = NO;
				DEBUG_INFORMATION_FORMAT = dwarf;
				ENABLE_STRICT_OBJC_MSGSEND = YES;
				ENABLE_TESTABILITY = YES;
				GCC_C_LANGUAGE_STANDARD = gnu11;
				GCC_DYNAMIC_NO_PIC = NO;
				GCC_NO_COMMON_BLOCKS = YES;
				GCC_OPTIMIZATION_LEVEL = 0;
				GCC_PREPROCESSOR_DEFINITIONS = (
					"DEBUG=1",
					"$(inherited)",
				);
				GCC_WARN_64_TO_32_BIT_CONVERSION = YES;
				GCC_WARN_ABOUT_RETURN_TYPE = YES_ERROR;
				GCC_WARN_UNDECLARED_SELECTOR = YES;
				GCC_WARN_UNINITIALIZED_AUTOS = YES_AGGRESSIVE;
				GCC_WARN_UNUSED_FUNCTION = YES;
				GCC_WARN_UNUSED_VARIABLE = YES;
				IPHONEOS_DEPLOYMENT_TARGET = 16.4;
				MTL_ENABLE_DEBUG_INFO = INCLUDE_SOURCE;
				MTL_FAST_MATH = YES;
				ONLY_ACTIVE_ARCH = YES;
				SDKROOT = iphoneos;
				SWIFT_ACTIVE_COMPILATION_CONDITIONS = PROD;
				SWIFT_OPTIMIZATION_LEVEL = "-Onone";
			};
			name = "Prod Debug";
		};
		95706FB12A3BCB74007FC87E /* Prod Debug */ = {
			isa = XCBuildConfiguration;
			buildSettings = {
				ASSETCATALOG_COMPILER_APPICON_NAME = AppIcon;
				ASSETCATALOG_COMPILER_GLOBAL_ACCENT_COLOR_NAME = AccentColor;
				CODE_SIGN_STYLE = Automatic;
				CURRENT_PROJECT_VERSION = 1;
				DEVELOPMENT_TEAM = 727WSJDZ7D;
				GENERATE_INFOPLIST_FILE = YES;
				INFOPLIST_FILE = punkproject/Resources/Info.plist;
				INFOPLIST_KEY_UIApplicationSupportsIndirectInputEvents = YES;
				INFOPLIST_KEY_UILaunchStoryboardName = LaunchScreen;
				INFOPLIST_KEY_UIMainStoryboardFile = Main;
				INFOPLIST_KEY_UISupportedInterfaceOrientations_iPad = "UIInterfaceOrientationPortrait UIInterfaceOrientationPortraitUpsideDown UIInterfaceOrientationLandscapeLeft UIInterfaceOrientationLandscapeRight";
				INFOPLIST_KEY_UISupportedInterfaceOrientations_iPhone = "UIInterfaceOrientationPortrait UIInterfaceOrientationLandscapeLeft UIInterfaceOrientationLandscapeRight";
				LD_RUNPATH_SEARCH_PATHS = (
					"$(inherited)",
					"@executable_path/Frameworks",
				);
				MARKETING_VERSION = 1.0;
				PRODUCT_BUNDLE_IDENTIFIER = none.punkproject;
				PRODUCT_NAME = "$(TARGET_NAME)";
				SWIFT_EMIT_LOC_STRINGS = YES;
				SWIFT_VERSION = 5.0;
				TARGETED_DEVICE_FAMILY = "1,2";
			};
			name = "Prod Debug";
		};
		95706FB22A3BCB8A007FC87E /* Dev Release */ = {
			isa = XCBuildConfiguration;
			buildSettings = {
				ALWAYS_SEARCH_USER_PATHS = NO;
				CLANG_ANALYZER_NONNULL = YES;
				CLANG_ANALYZER_NUMBER_OBJECT_CONVERSION = YES_AGGRESSIVE;
				CLANG_CXX_LANGUAGE_STANDARD = "gnu++20";
				CLANG_ENABLE_MODULES = YES;
				CLANG_ENABLE_OBJC_ARC = YES;
				CLANG_ENABLE_OBJC_WEAK = YES;
				CLANG_WARN_BLOCK_CAPTURE_AUTORELEASING = YES;
				CLANG_WARN_BOOL_CONVERSION = YES;
				CLANG_WARN_COMMA = YES;
				CLANG_WARN_CONSTANT_CONVERSION = YES;
				CLANG_WARN_DEPRECATED_OBJC_IMPLEMENTATIONS = YES;
				CLANG_WARN_DIRECT_OBJC_ISA_USAGE = YES_ERROR;
				CLANG_WARN_DOCUMENTATION_COMMENTS = YES;
				CLANG_WARN_EMPTY_BODY = YES;
				CLANG_WARN_ENUM_CONVERSION = YES;
				CLANG_WARN_INFINITE_RECURSION = YES;
				CLANG_WARN_INT_CONVERSION = YES;
				CLANG_WARN_NON_LITERAL_NULL_CONVERSION = YES;
				CLANG_WARN_OBJC_IMPLICIT_RETAIN_SELF = YES;
				CLANG_WARN_OBJC_LITERAL_CONVERSION = YES;
				CLANG_WARN_OBJC_ROOT_CLASS = YES_ERROR;
				CLANG_WARN_QUOTED_INCLUDE_IN_FRAMEWORK_HEADER = YES;
				CLANG_WARN_RANGE_LOOP_ANALYSIS = YES;
				CLANG_WARN_STRICT_PROTOTYPES = YES;
				CLANG_WARN_SUSPICIOUS_MOVE = YES;
				CLANG_WARN_UNGUARDED_AVAILABILITY = YES_AGGRESSIVE;
				CLANG_WARN_UNREACHABLE_CODE = YES;
				CLANG_WARN__DUPLICATE_METHOD_MATCH = YES;
				COPY_PHASE_STRIP = NO;
				DEBUG_INFORMATION_FORMAT = "dwarf-with-dsym";
				ENABLE_NS_ASSERTIONS = NO;
				ENABLE_STRICT_OBJC_MSGSEND = YES;
				GCC_C_LANGUAGE_STANDARD = gnu11;
				GCC_NO_COMMON_BLOCKS = YES;
				GCC_WARN_64_TO_32_BIT_CONVERSION = YES;
				GCC_WARN_ABOUT_RETURN_TYPE = YES_ERROR;
				GCC_WARN_UNDECLARED_SELECTOR = YES;
				GCC_WARN_UNINITIALIZED_AUTOS = YES_AGGRESSIVE;
				GCC_WARN_UNUSED_FUNCTION = YES;
				GCC_WARN_UNUSED_VARIABLE = YES;
				IPHONEOS_DEPLOYMENT_TARGET = 16.4;
				MTL_ENABLE_DEBUG_INFO = NO;
				MTL_FAST_MATH = YES;
				SDKROOT = iphoneos;
				SWIFT_ACTIVE_COMPILATION_CONDITIONS = DEV;
				SWIFT_COMPILATION_MODE = wholemodule;
				SWIFT_OPTIMIZATION_LEVEL = "-O";
				VALIDATE_PRODUCT = YES;
			};
			name = "Dev Release";
		};
		95706FB32A3BCB8A007FC87E /* Dev Release */ = {
			isa = XCBuildConfiguration;
			buildSettings = {
				ASSETCATALOG_COMPILER_APPICON_NAME = AppIcon;
				ASSETCATALOG_COMPILER_GLOBAL_ACCENT_COLOR_NAME = AccentColor;
				CODE_SIGN_STYLE = Automatic;
				CURRENT_PROJECT_VERSION = 1;
				DEVELOPMENT_TEAM = 727WSJDZ7D;
				GENERATE_INFOPLIST_FILE = YES;
				INFOPLIST_FILE = punkproject/Resources/Info.plist;
				INFOPLIST_KEY_UIApplicationSupportsIndirectInputEvents = YES;
				INFOPLIST_KEY_UILaunchStoryboardName = LaunchScreen;
				INFOPLIST_KEY_UIMainStoryboardFile = Main;
				INFOPLIST_KEY_UISupportedInterfaceOrientations_iPad = "UIInterfaceOrientationPortrait UIInterfaceOrientationPortraitUpsideDown UIInterfaceOrientationLandscapeLeft UIInterfaceOrientationLandscapeRight";
				INFOPLIST_KEY_UISupportedInterfaceOrientations_iPhone = "UIInterfaceOrientationPortrait UIInterfaceOrientationLandscapeLeft UIInterfaceOrientationLandscapeRight";
				LD_RUNPATH_SEARCH_PATHS = (
					"$(inherited)",
					"@executable_path/Frameworks",
				);
				MARKETING_VERSION = 1.0;
				PRODUCT_BUNDLE_IDENTIFIER = none.punkproject;
				PRODUCT_NAME = "$(TARGET_NAME)";
				SWIFT_EMIT_LOC_STRINGS = YES;
				SWIFT_VERSION = 5.0;
				TARGETED_DEVICE_FAMILY = "1,2";
			};
			name = "Dev Release";
		};
		95706FB42A3BCB92007FC87E /* QA Release */ = {
			isa = XCBuildConfiguration;
			buildSettings = {
				ALWAYS_SEARCH_USER_PATHS = NO;
				CLANG_ANALYZER_NONNULL = YES;
				CLANG_ANALYZER_NUMBER_OBJECT_CONVERSION = YES_AGGRESSIVE;
				CLANG_CXX_LANGUAGE_STANDARD = "gnu++20";
				CLANG_ENABLE_MODULES = YES;
				CLANG_ENABLE_OBJC_ARC = YES;
				CLANG_ENABLE_OBJC_WEAK = YES;
				CLANG_WARN_BLOCK_CAPTURE_AUTORELEASING = YES;
				CLANG_WARN_BOOL_CONVERSION = YES;
				CLANG_WARN_COMMA = YES;
				CLANG_WARN_CONSTANT_CONVERSION = YES;
				CLANG_WARN_DEPRECATED_OBJC_IMPLEMENTATIONS = YES;
				CLANG_WARN_DIRECT_OBJC_ISA_USAGE = YES_ERROR;
				CLANG_WARN_DOCUMENTATION_COMMENTS = YES;
				CLANG_WARN_EMPTY_BODY = YES;
				CLANG_WARN_ENUM_CONVERSION = YES;
				CLANG_WARN_INFINITE_RECURSION = YES;
				CLANG_WARN_INT_CONVERSION = YES;
				CLANG_WARN_NON_LITERAL_NULL_CONVERSION = YES;
				CLANG_WARN_OBJC_IMPLICIT_RETAIN_SELF = YES;
				CLANG_WARN_OBJC_LITERAL_CONVERSION = YES;
				CLANG_WARN_OBJC_ROOT_CLASS = YES_ERROR;
				CLANG_WARN_QUOTED_INCLUDE_IN_FRAMEWORK_HEADER = YES;
				CLANG_WARN_RANGE_LOOP_ANALYSIS = YES;
				CLANG_WARN_STRICT_PROTOTYPES = YES;
				CLANG_WARN_SUSPICIOUS_MOVE = YES;
				CLANG_WARN_UNGUARDED_AVAILABILITY = YES_AGGRESSIVE;
				CLANG_WARN_UNREACHABLE_CODE = YES;
				CLANG_WARN__DUPLICATE_METHOD_MATCH = YES;
				COPY_PHASE_STRIP = NO;
				DEBUG_INFORMATION_FORMAT = "dwarf-with-dsym";
				ENABLE_NS_ASSERTIONS = NO;
				ENABLE_STRICT_OBJC_MSGSEND = YES;
				GCC_C_LANGUAGE_STANDARD = gnu11;
				GCC_NO_COMMON_BLOCKS = YES;
				GCC_WARN_64_TO_32_BIT_CONVERSION = YES;
				GCC_WARN_ABOUT_RETURN_TYPE = YES_ERROR;
				GCC_WARN_UNDECLARED_SELECTOR = YES;
				GCC_WARN_UNINITIALIZED_AUTOS = YES_AGGRESSIVE;
				GCC_WARN_UNUSED_FUNCTION = YES;
				GCC_WARN_UNUSED_VARIABLE = YES;
				IPHONEOS_DEPLOYMENT_TARGET = 16.4;
				MTL_ENABLE_DEBUG_INFO = NO;
				MTL_FAST_MATH = YES;
				SDKROOT = iphoneos;
				SWIFT_ACTIVE_COMPILATION_CONDITIONS = QA;
				SWIFT_COMPILATION_MODE = wholemodule;
				SWIFT_OPTIMIZATION_LEVEL = "-O";
				VALIDATE_PRODUCT = YES;
			};
			name = "QA Release";
		};
		95706FB52A3BCB92007FC87E /* QA Release */ = {
			isa = XCBuildConfiguration;
			buildSettings = {
				ASSETCATALOG_COMPILER_APPICON_NAME = AppIcon;
				ASSETCATALOG_COMPILER_GLOBAL_ACCENT_COLOR_NAME = AccentColor;
				CODE_SIGN_STYLE = Automatic;
				CURRENT_PROJECT_VERSION = 1;
				DEVELOPMENT_TEAM = 727WSJDZ7D;
				GENERATE_INFOPLIST_FILE = YES;
				INFOPLIST_FILE = punkproject/Resources/Info.plist;
				INFOPLIST_KEY_UIApplicationSupportsIndirectInputEvents = YES;
				INFOPLIST_KEY_UILaunchStoryboardName = LaunchScreen;
				INFOPLIST_KEY_UIMainStoryboardFile = Main;
				INFOPLIST_KEY_UISupportedInterfaceOrientations_iPad = "UIInterfaceOrientationPortrait UIInterfaceOrientationPortraitUpsideDown UIInterfaceOrientationLandscapeLeft UIInterfaceOrientationLandscapeRight";
				INFOPLIST_KEY_UISupportedInterfaceOrientations_iPhone = "UIInterfaceOrientationPortrait UIInterfaceOrientationLandscapeLeft UIInterfaceOrientationLandscapeRight";
				LD_RUNPATH_SEARCH_PATHS = (
					"$(inherited)",
					"@executable_path/Frameworks",
				);
				MARKETING_VERSION = 1.0;
				PRODUCT_BUNDLE_IDENTIFIER = none.punkproject;
				PRODUCT_NAME = "$(TARGET_NAME)";
				SWIFT_EMIT_LOC_STRINGS = YES;
				SWIFT_VERSION = 5.0;
				TARGETED_DEVICE_FAMILY = "1,2";
			};
			name = "QA Release";
		};
		95706FB62A3BCB9A007FC87E /* Prod Release */ = {
			isa = XCBuildConfiguration;
			buildSettings = {
				ALWAYS_SEARCH_USER_PATHS = NO;
				CLANG_ANALYZER_NONNULL = YES;
				CLANG_ANALYZER_NUMBER_OBJECT_CONVERSION = YES_AGGRESSIVE;
				CLANG_CXX_LANGUAGE_STANDARD = "gnu++20";
				CLANG_ENABLE_MODULES = YES;
				CLANG_ENABLE_OBJC_ARC = YES;
				CLANG_ENABLE_OBJC_WEAK = YES;
				CLANG_WARN_BLOCK_CAPTURE_AUTORELEASING = YES;
				CLANG_WARN_BOOL_CONVERSION = YES;
				CLANG_WARN_COMMA = YES;
				CLANG_WARN_CONSTANT_CONVERSION = YES;
				CLANG_WARN_DEPRECATED_OBJC_IMPLEMENTATIONS = YES;
				CLANG_WARN_DIRECT_OBJC_ISA_USAGE = YES_ERROR;
				CLANG_WARN_DOCUMENTATION_COMMENTS = YES;
				CLANG_WARN_EMPTY_BODY = YES;
				CLANG_WARN_ENUM_CONVERSION = YES;
				CLANG_WARN_INFINITE_RECURSION = YES;
				CLANG_WARN_INT_CONVERSION = YES;
				CLANG_WARN_NON_LITERAL_NULL_CONVERSION = YES;
				CLANG_WARN_OBJC_IMPLICIT_RETAIN_SELF = YES;
				CLANG_WARN_OBJC_LITERAL_CONVERSION = YES;
				CLANG_WARN_OBJC_ROOT_CLASS = YES_ERROR;
				CLANG_WARN_QUOTED_INCLUDE_IN_FRAMEWORK_HEADER = YES;
				CLANG_WARN_RANGE_LOOP_ANALYSIS = YES;
				CLANG_WARN_STRICT_PROTOTYPES = YES;
				CLANG_WARN_SUSPICIOUS_MOVE = YES;
				CLANG_WARN_UNGUARDED_AVAILABILITY = YES_AGGRESSIVE;
				CLANG_WARN_UNREACHABLE_CODE = YES;
				CLANG_WARN__DUPLICATE_METHOD_MATCH = YES;
				COPY_PHASE_STRIP = NO;
				DEBUG_INFORMATION_FORMAT = "dwarf-with-dsym";
				ENABLE_NS_ASSERTIONS = NO;
				ENABLE_STRICT_OBJC_MSGSEND = YES;
				GCC_C_LANGUAGE_STANDARD = gnu11;
				GCC_NO_COMMON_BLOCKS = YES;
				GCC_WARN_64_TO_32_BIT_CONVERSION = YES;
				GCC_WARN_ABOUT_RETURN_TYPE = YES_ERROR;
				GCC_WARN_UNDECLARED_SELECTOR = YES;
				GCC_WARN_UNINITIALIZED_AUTOS = YES_AGGRESSIVE;
				GCC_WARN_UNUSED_FUNCTION = YES;
				GCC_WARN_UNUSED_VARIABLE = YES;
				IPHONEOS_DEPLOYMENT_TARGET = 16.4;
				MTL_ENABLE_DEBUG_INFO = NO;
				MTL_FAST_MATH = YES;
				SDKROOT = iphoneos;
				SWIFT_ACTIVE_COMPILATION_CONDITIONS = PROD;
				SWIFT_COMPILATION_MODE = wholemodule;
				SWIFT_OPTIMIZATION_LEVEL = "-O";
				VALIDATE_PRODUCT = YES;
			};
			name = "Prod Release";
		};
		95706FB72A3BCB9A007FC87E /* Prod Release */ = {
			isa = XCBuildConfiguration;
			buildSettings = {
				ASSETCATALOG_COMPILER_APPICON_NAME = AppIcon;
				ASSETCATALOG_COMPILER_GLOBAL_ACCENT_COLOR_NAME = AccentColor;
				CODE_SIGN_STYLE = Automatic;
				CURRENT_PROJECT_VERSION = 1;
				DEVELOPMENT_TEAM = 727WSJDZ7D;
				GENERATE_INFOPLIST_FILE = YES;
				INFOPLIST_FILE = punkproject/Resources/Info.plist;
				INFOPLIST_KEY_UIApplicationSupportsIndirectInputEvents = YES;
				INFOPLIST_KEY_UILaunchStoryboardName = LaunchScreen;
				INFOPLIST_KEY_UIMainStoryboardFile = Main;
				INFOPLIST_KEY_UISupportedInterfaceOrientations_iPad = "UIInterfaceOrientationPortrait UIInterfaceOrientationPortraitUpsideDown UIInterfaceOrientationLandscapeLeft UIInterfaceOrientationLandscapeRight";
				INFOPLIST_KEY_UISupportedInterfaceOrientations_iPhone = "UIInterfaceOrientationPortrait UIInterfaceOrientationLandscapeLeft UIInterfaceOrientationLandscapeRight";
				LD_RUNPATH_SEARCH_PATHS = (
					"$(inherited)",
					"@executable_path/Frameworks",
				);
				MARKETING_VERSION = 1.0;
				PRODUCT_BUNDLE_IDENTIFIER = none.punkproject;
				PRODUCT_NAME = "$(TARGET_NAME)";
				SWIFT_EMIT_LOC_STRINGS = YES;
				SWIFT_VERSION = 5.0;
				TARGETED_DEVICE_FAMILY = "1,2";
			};
			name = "Prod Release";
		};
		95E7509E2A3A503E001CE8EA /* Debug */ = {
			isa = XCBuildConfiguration;
			buildSettings = {
				ALWAYS_SEARCH_USER_PATHS = NO;
				CLANG_ANALYZER_NONNULL = YES;
				CLANG_ANALYZER_NUMBER_OBJECT_CONVERSION = YES_AGGRESSIVE;
				CLANG_CXX_LANGUAGE_STANDARD = "gnu++20";
				CLANG_ENABLE_MODULES = YES;
				CLANG_ENABLE_OBJC_ARC = YES;
				CLANG_ENABLE_OBJC_WEAK = YES;
				CLANG_WARN_BLOCK_CAPTURE_AUTORELEASING = YES;
				CLANG_WARN_BOOL_CONVERSION = YES;
				CLANG_WARN_COMMA = YES;
				CLANG_WARN_CONSTANT_CONVERSION = YES;
				CLANG_WARN_DEPRECATED_OBJC_IMPLEMENTATIONS = YES;
				CLANG_WARN_DIRECT_OBJC_ISA_USAGE = YES_ERROR;
				CLANG_WARN_DOCUMENTATION_COMMENTS = YES;
				CLANG_WARN_EMPTY_BODY = YES;
				CLANG_WARN_ENUM_CONVERSION = YES;
				CLANG_WARN_INFINITE_RECURSION = YES;
				CLANG_WARN_INT_CONVERSION = YES;
				CLANG_WARN_NON_LITERAL_NULL_CONVERSION = YES;
				CLANG_WARN_OBJC_IMPLICIT_RETAIN_SELF = YES;
				CLANG_WARN_OBJC_LITERAL_CONVERSION = YES;
				CLANG_WARN_OBJC_ROOT_CLASS = YES_ERROR;
				CLANG_WARN_QUOTED_INCLUDE_IN_FRAMEWORK_HEADER = YES;
				CLANG_WARN_RANGE_LOOP_ANALYSIS = YES;
				CLANG_WARN_STRICT_PROTOTYPES = YES;
				CLANG_WARN_SUSPICIOUS_MOVE = YES;
				CLANG_WARN_UNGUARDED_AVAILABILITY = YES_AGGRESSIVE;
				CLANG_WARN_UNREACHABLE_CODE = YES;
				CLANG_WARN__DUPLICATE_METHOD_MATCH = YES;
				COPY_PHASE_STRIP = NO;
				DEBUG_INFORMATION_FORMAT = dwarf;
				ENABLE_STRICT_OBJC_MSGSEND = YES;
				ENABLE_TESTABILITY = YES;
				GCC_C_LANGUAGE_STANDARD = gnu11;
				GCC_DYNAMIC_NO_PIC = NO;
				GCC_NO_COMMON_BLOCKS = YES;
				GCC_OPTIMIZATION_LEVEL = 0;
				GCC_PREPROCESSOR_DEFINITIONS = (
					"DEBUG=1",
					"$(inherited)",
				);
				GCC_WARN_64_TO_32_BIT_CONVERSION = YES;
				GCC_WARN_ABOUT_RETURN_TYPE = YES_ERROR;
				GCC_WARN_UNDECLARED_SELECTOR = YES;
				GCC_WARN_UNINITIALIZED_AUTOS = YES_AGGRESSIVE;
				GCC_WARN_UNUSED_FUNCTION = YES;
				GCC_WARN_UNUSED_VARIABLE = YES;
				IPHONEOS_DEPLOYMENT_TARGET = 16.4;
				MTL_ENABLE_DEBUG_INFO = INCLUDE_SOURCE;
				MTL_FAST_MATH = YES;
				ONLY_ACTIVE_ARCH = YES;
				SDKROOT = iphoneos;
				SWIFT_ACTIVE_COMPILATION_CONDITIONS = DEBUG;
				SWIFT_OPTIMIZATION_LEVEL = "-Onone";
			};
			name = Debug;
		};
		95E7509F2A3A503E001CE8EA /* Release */ = {
			isa = XCBuildConfiguration;
			buildSettings = {
				ALWAYS_SEARCH_USER_PATHS = NO;
				CLANG_ANALYZER_NONNULL = YES;
				CLANG_ANALYZER_NUMBER_OBJECT_CONVERSION = YES_AGGRESSIVE;
				CLANG_CXX_LANGUAGE_STANDARD = "gnu++20";
				CLANG_ENABLE_MODULES = YES;
				CLANG_ENABLE_OBJC_ARC = YES;
				CLANG_ENABLE_OBJC_WEAK = YES;
				CLANG_WARN_BLOCK_CAPTURE_AUTORELEASING = YES;
				CLANG_WARN_BOOL_CONVERSION = YES;
				CLANG_WARN_COMMA = YES;
				CLANG_WARN_CONSTANT_CONVERSION = YES;
				CLANG_WARN_DEPRECATED_OBJC_IMPLEMENTATIONS = YES;
				CLANG_WARN_DIRECT_OBJC_ISA_USAGE = YES_ERROR;
				CLANG_WARN_DOCUMENTATION_COMMENTS = YES;
				CLANG_WARN_EMPTY_BODY = YES;
				CLANG_WARN_ENUM_CONVERSION = YES;
				CLANG_WARN_INFINITE_RECURSION = YES;
				CLANG_WARN_INT_CONVERSION = YES;
				CLANG_WARN_NON_LITERAL_NULL_CONVERSION = YES;
				CLANG_WARN_OBJC_IMPLICIT_RETAIN_SELF = YES;
				CLANG_WARN_OBJC_LITERAL_CONVERSION = YES;
				CLANG_WARN_OBJC_ROOT_CLASS = YES_ERROR;
				CLANG_WARN_QUOTED_INCLUDE_IN_FRAMEWORK_HEADER = YES;
				CLANG_WARN_RANGE_LOOP_ANALYSIS = YES;
				CLANG_WARN_STRICT_PROTOTYPES = YES;
				CLANG_WARN_SUSPICIOUS_MOVE = YES;
				CLANG_WARN_UNGUARDED_AVAILABILITY = YES_AGGRESSIVE;
				CLANG_WARN_UNREACHABLE_CODE = YES;
				CLANG_WARN__DUPLICATE_METHOD_MATCH = YES;
				COPY_PHASE_STRIP = NO;
				DEBUG_INFORMATION_FORMAT = "dwarf-with-dsym";
				ENABLE_NS_ASSERTIONS = NO;
				ENABLE_STRICT_OBJC_MSGSEND = YES;
				GCC_C_LANGUAGE_STANDARD = gnu11;
				GCC_NO_COMMON_BLOCKS = YES;
				GCC_WARN_64_TO_32_BIT_CONVERSION = YES;
				GCC_WARN_ABOUT_RETURN_TYPE = YES_ERROR;
				GCC_WARN_UNDECLARED_SELECTOR = YES;
				GCC_WARN_UNINITIALIZED_AUTOS = YES_AGGRESSIVE;
				GCC_WARN_UNUSED_FUNCTION = YES;
				GCC_WARN_UNUSED_VARIABLE = YES;
				IPHONEOS_DEPLOYMENT_TARGET = 16.4;
				MTL_ENABLE_DEBUG_INFO = NO;
				MTL_FAST_MATH = YES;
				SDKROOT = iphoneos;
				SWIFT_COMPILATION_MODE = wholemodule;
				SWIFT_OPTIMIZATION_LEVEL = "-O";
				VALIDATE_PRODUCT = YES;
			};
			name = Release;
		};
		95E750A12A3A503E001CE8EA /* Debug */ = {
			isa = XCBuildConfiguration;
			buildSettings = {
				ASSETCATALOG_COMPILER_APPICON_NAME = AppIcon;
				ASSETCATALOG_COMPILER_GLOBAL_ACCENT_COLOR_NAME = AccentColor;
				CODE_SIGN_STYLE = Automatic;
				CURRENT_PROJECT_VERSION = 1;
				DEVELOPMENT_TEAM = 727WSJDZ7D;
				GENERATE_INFOPLIST_FILE = YES;
				INFOPLIST_FILE = punkproject/Resources/Info.plist;
				INFOPLIST_KEY_UIApplicationSupportsIndirectInputEvents = YES;
				INFOPLIST_KEY_UILaunchStoryboardName = LaunchScreen;
				INFOPLIST_KEY_UIMainStoryboardFile = Main;
				INFOPLIST_KEY_UISupportedInterfaceOrientations_iPad = "UIInterfaceOrientationPortrait UIInterfaceOrientationPortraitUpsideDown UIInterfaceOrientationLandscapeLeft UIInterfaceOrientationLandscapeRight";
				INFOPLIST_KEY_UISupportedInterfaceOrientations_iPhone = "UIInterfaceOrientationPortrait UIInterfaceOrientationLandscapeLeft UIInterfaceOrientationLandscapeRight";
				LD_RUNPATH_SEARCH_PATHS = (
					"$(inherited)",
					"@executable_path/Frameworks",
				);
				MARKETING_VERSION = 1.0;
				PRODUCT_BUNDLE_IDENTIFIER = none.punkproject;
				PRODUCT_NAME = "$(TARGET_NAME)";
				SWIFT_EMIT_LOC_STRINGS = YES;
				SWIFT_VERSION = 5.0;
				TARGETED_DEVICE_FAMILY = "1,2";
			};
			name = Debug;
		};
		95E750A22A3A503E001CE8EA /* Release */ = {
			isa = XCBuildConfiguration;
			buildSettings = {
				ASSETCATALOG_COMPILER_APPICON_NAME = AppIcon;
				ASSETCATALOG_COMPILER_GLOBAL_ACCENT_COLOR_NAME = AccentColor;
				CODE_SIGN_STYLE = Automatic;
				CURRENT_PROJECT_VERSION = 1;
				DEVELOPMENT_TEAM = 727WSJDZ7D;
				GENERATE_INFOPLIST_FILE = YES;
				INFOPLIST_FILE = punkproject/Resources/Info.plist;
				INFOPLIST_KEY_UIApplicationSupportsIndirectInputEvents = YES;
				INFOPLIST_KEY_UILaunchStoryboardName = LaunchScreen;
				INFOPLIST_KEY_UIMainStoryboardFile = Main;
				INFOPLIST_KEY_UISupportedInterfaceOrientations_iPad = "UIInterfaceOrientationPortrait UIInterfaceOrientationPortraitUpsideDown UIInterfaceOrientationLandscapeLeft UIInterfaceOrientationLandscapeRight";
				INFOPLIST_KEY_UISupportedInterfaceOrientations_iPhone = "UIInterfaceOrientationPortrait UIInterfaceOrientationLandscapeLeft UIInterfaceOrientationLandscapeRight";
				LD_RUNPATH_SEARCH_PATHS = (
					"$(inherited)",
					"@executable_path/Frameworks",
				);
				MARKETING_VERSION = 1.0;
				PRODUCT_BUNDLE_IDENTIFIER = none.punkproject;
				PRODUCT_NAME = "$(TARGET_NAME)";
				SWIFT_EMIT_LOC_STRINGS = YES;
				SWIFT_VERSION = 5.0;
				TARGETED_DEVICE_FAMILY = "1,2";
			};
			name = Release;
		};
/* End XCBuildConfiguration section */

/* Begin XCConfigurationList section */
		95E750842A3A503D001CE8EA /* Build configuration list for PBXProject "punkproject" */ = {
			isa = XCConfigurationList;
			buildConfigurations = (
				95E7509E2A3A503E001CE8EA /* Debug */,
				95706FB02A3BCB74007FC87E /* Prod Debug */,
				95706FAE2A3BCB41007FC87E /* QA Debug */,
				95706FAC2A3BCB29007FC87E /* Dev Debug */,
				95E7509F2A3A503E001CE8EA /* Release */,
				95706FB62A3BCB9A007FC87E /* Prod Release */,
				95706FB42A3BCB92007FC87E /* QA Release */,
				95706FB22A3BCB8A007FC87E /* Dev Release */,
			);
			defaultConfigurationIsVisible = 0;
			defaultConfigurationName = Release;
		};
		95E750A02A3A503E001CE8EA /* Build configuration list for PBXNativeTarget "punkproject" */ = {
			isa = XCConfigurationList;
			buildConfigurations = (
				95E750A12A3A503E001CE8EA /* Debug */,
				95706FB12A3BCB74007FC87E /* Prod Debug */,
				95706FAF2A3BCB41007FC87E /* QA Debug */,
				95706FAD2A3BCB29007FC87E /* Dev Debug */,
				95E750A22A3A503E001CE8EA /* Release */,
				95706FB72A3BCB9A007FC87E /* Prod Release */,
				95706FB52A3BCB92007FC87E /* QA Release */,
				95706FB32A3BCB8A007FC87E /* Dev Release */,
			);
			defaultConfigurationIsVisible = 0;
			defaultConfigurationName = Release;
		};
/* End XCConfigurationList section */

/* Begin XCRemoteSwiftPackageReference section */
		95573CF92A41D81500DFB244 /* XCRemoteSwiftPackageReference "CocoaLumberjack" */ = {
			isa = XCRemoteSwiftPackageReference;
			repositoryURL = "https://github.com/CocoaLumberjack/CocoaLumberjack.git";
			requirement = {
				kind = upToNextMajorVersion;
				minimumVersion = 3.0.0;
			};
		};
		95706F7A2A3A5740007FC87E /* XCRemoteSwiftPackageReference "SnapKit" */ = {
			isa = XCRemoteSwiftPackageReference;
			repositoryURL = "https://github.com/SnapKit/SnapKit.git";
			requirement = {
				kind = upToNextMajorVersion;
				minimumVersion = 5.0.0;
			};
		};
/* End XCRemoteSwiftPackageReference section */

/* Begin XCSwiftPackageProductDependency section */
		95573CFA2A41D81500DFB244 /* CocoaLumberjack */ = {
			isa = XCSwiftPackageProductDependency;
			package = 95573CF92A41D81500DFB244 /* XCRemoteSwiftPackageReference "CocoaLumberjack" */;
			productName = CocoaLumberjack;
		};
		95573CFC2A41D81500DFB244 /* CocoaLumberjackSwift */ = {
			isa = XCSwiftPackageProductDependency;
			package = 95573CF92A41D81500DFB244 /* XCRemoteSwiftPackageReference "CocoaLumberjack" */;
			productName = CocoaLumberjackSwift;
		};
		95573CFE2A41D81500DFB244 /* CocoaLumberjackSwiftLogBackend */ = {
			isa = XCSwiftPackageProductDependency;
			package = 95573CF92A41D81500DFB244 /* XCRemoteSwiftPackageReference "CocoaLumberjack" */;
			productName = CocoaLumberjackSwiftLogBackend;
		};
		95706F7B2A3A5740007FC87E /* SnapKit */ = {
			isa = XCSwiftPackageProductDependency;
			package = 95706F7A2A3A5740007FC87E /* XCRemoteSwiftPackageReference "SnapKit" */;
			productName = SnapKit;
		};
/* End XCSwiftPackageProductDependency section */

/* Begin XCVersionGroup section */
		95E750952A3A503D001CE8EA /* punkproject.xcdatamodeld */ = {
			isa = XCVersionGroup;
			children = (
				95E750962A3A503D001CE8EA /* punkproject.xcdatamodel */,
			);
			currentVersion = 95E750962A3A503D001CE8EA /* punkproject.xcdatamodel */;
			path = punkproject.xcdatamodeld;
			sourceTree = "<group>";
			versionGroupType = wrapper.xcdatamodel;
		};
/* End XCVersionGroup section */
	};
	rootObject = 95E750812A3A503D001CE8EA /* Project object */;
}
