// !$*UTF8*$!
{
	archiveVersion = 1;
	classes = {
	};
	objectVersion = 56;
	objects = {

/* Begin PBXBuildFile section */
		95706F7C2A3A5740007FC87E /* SnapKit in Frameworks */ = {isa = PBXBuildFile; productRef = 95706F7B2A3A5740007FC87E /* SnapKit */; };
		95706F7F2A3A5BAD007FC87E /* Beer.swift in Sources */ = {isa = PBXBuildFile; fileRef = 95706F7E2A3A5BAD007FC87E /* Beer.swift */; };
		95706F812A3A5BE6007FC87E /* BoilVolume.swift in Sources */ = {isa = PBXBuildFile; fileRef = 95706F802A3A5BE6007FC87E /* BoilVolume.swift */; };
		95706F832A3A5C54007FC87E /* Fermentation.swift in Sources */ = {isa = PBXBuildFile; fileRef = 95706F822A3A5C54007FC87E /* Fermentation.swift */; };
		95706F852A3A5C6B007FC87E /* Method.swift in Sources */ = {isa = PBXBuildFile; fileRef = 95706F842A3A5C6B007FC87E /* Method.swift */; };
		95706F872A3A5C7E007FC87E /* MashTemp.swift in Sources */ = {isa = PBXBuildFile; fileRef = 95706F862A3A5C7E007FC87E /* MashTemp.swift */; };
		95706F892A3A5C93007FC87E /* Malt.swift in Sources */ = {isa = PBXBuildFile; fileRef = 95706F882A3A5C93007FC87E /* Malt.swift */; };
		95706F8B2A3A5D14007FC87E /* Hop.swift in Sources */ = {isa = PBXBuildFile; fileRef = 95706F8A2A3A5D13007FC87E /* Hop.swift */; };
		95706F8D2A3A5D80007FC87E /* Ingredients.swift in Sources */ = {isa = PBXBuildFile; fileRef = 95706F8C2A3A5D80007FC87E /* Ingredients.swift */; };
		95E7508D2A3A503D001CE8EA /* AppDelegate.swift in Sources */ = {isa = PBXBuildFile; fileRef = 95E7508C2A3A503D001CE8EA /* AppDelegate.swift */; };
		95E7508F2A3A503D001CE8EA /* SceneDelegate.swift in Sources */ = {isa = PBXBuildFile; fileRef = 95E7508E2A3A503D001CE8EA /* SceneDelegate.swift */; };
		95E750912A3A503D001CE8EA /* ViewController.swift in Sources */ = {isa = PBXBuildFile; fileRef = 95E750902A3A503D001CE8EA /* ViewController.swift */; };
		95E750942A3A503D001CE8EA /* Main.storyboard in Resources */ = {isa = PBXBuildFile; fileRef = 95E750922A3A503D001CE8EA /* Main.storyboard */; };
		95E750972A3A503D001CE8EA /* punkproject.xcdatamodeld in Sources */ = {isa = PBXBuildFile; fileRef = 95E750952A3A503D001CE8EA /* punkproject.xcdatamodeld */; };
		95E750992A3A503E001CE8EA /* Assets.xcassets in Resources */ = {isa = PBXBuildFile; fileRef = 95E750982A3A503E001CE8EA /* Assets.xcassets */; };
		95E7509C2A3A503E001CE8EA /* LaunchScreen.storyboard in Resources */ = {isa = PBXBuildFile; fileRef = 95E7509A2A3A503E001CE8EA /* LaunchScreen.storyboard */; };
/* End PBXBuildFile section */

/* Begin PBXFileReference section */
		95706F7E2A3A5BAD007FC87E /* Beer.swift */ = {isa = PBXFileReference; lastKnownFileType = sourcecode.swift; path = Beer.swift; sourceTree = "<group>"; };
		95706F802A3A5BE6007FC87E /* BoilVolume.swift */ = {isa = PBXFileReference; lastKnownFileType = sourcecode.swift; path = BoilVolume.swift; sourceTree = "<group>"; };
		95706F822A3A5C54007FC87E /* Fermentation.swift */ = {isa = PBXFileReference; lastKnownFileType = sourcecode.swift; path = Fermentation.swift; sourceTree = "<group>"; };
		95706F842A3A5C6B007FC87E /* Method.swift */ = {isa = PBXFileReference; lastKnownFileType = sourcecode.swift; path = Method.swift; sourceTree = "<group>"; };
		95706F862A3A5C7E007FC87E /* MashTemp.swift */ = {isa = PBXFileReference; lastKnownFileType = sourcecode.swift; path = MashTemp.swift; sourceTree = "<group>"; };
		95706F882A3A5C93007FC87E /* Malt.swift */ = {isa = PBXFileReference; lastKnownFileType = sourcecode.swift; path = Malt.swift; sourceTree = "<group>"; };
		95706F8A2A3A5D13007FC87E /* Hop.swift */ = {isa = PBXFileReference; lastKnownFileType = sourcecode.swift; path = Hop.swift; sourceTree = "<group>"; };
		95706F8C2A3A5D80007FC87E /* Ingredients.swift */ = {isa = PBXFileReference; lastKnownFileType = sourcecode.swift; path = Ingredients.swift; sourceTree = "<group>"; };
		95E750892A3A503D001CE8EA /* punkproject.app */ = {isa = PBXFileReference; explicitFileType = wrapper.application; includeInIndex = 0; path = punkproject.app; sourceTree = BUILT_PRODUCTS_DIR; };
		95E7508C2A3A503D001CE8EA /* AppDelegate.swift */ = {isa = PBXFileReference; lastKnownFileType = sourcecode.swift; path = AppDelegate.swift; sourceTree = "<group>"; };
		95E7508E2A3A503D001CE8EA /* SceneDelegate.swift */ = {isa = PBXFileReference; lastKnownFileType = sourcecode.swift; path = SceneDelegate.swift; sourceTree = "<group>"; };
		95E750902A3A503D001CE8EA /* ViewController.swift */ = {isa = PBXFileReference; lastKnownFileType = sourcecode.swift; path = ViewController.swift; sourceTree = "<group>"; };
		95E750932A3A503D001CE8EA /* Base */ = {isa = PBXFileReference; lastKnownFileType = file.storyboard; name = Base; path = Base.lproj/Main.storyboard; sourceTree = "<group>"; };
		95E750962A3A503D001CE8EA /* punkproject.xcdatamodel */ = {isa = PBXFileReference; lastKnownFileType = wrapper.xcdatamodel; path = punkproject.xcdatamodel; sourceTree = "<group>"; };
		95E750982A3A503E001CE8EA /* Assets.xcassets */ = {isa = PBXFileReference; lastKnownFileType = folder.assetcatalog; path = Assets.xcassets; sourceTree = "<group>"; };
		95E7509B2A3A503E001CE8EA /* Base */ = {isa = PBXFileReference; lastKnownFileType = file.storyboard; name = Base; path = Base.lproj/LaunchScreen.storyboard; sourceTree = "<group>"; };
		95E7509D2A3A503E001CE8EA /* Info.plist */ = {isa = PBXFileReference; lastKnownFileType = text.plist.xml; path = Info.plist; sourceTree = "<group>"; };
/* End PBXFileReference section */

/* Begin PBXFrameworksBuildPhase section */
		95E750862A3A503D001CE8EA /* Frameworks */ = {
			isa = PBXFrameworksBuildPhase;
			buildActionMask = 2147483647;
			files = (
				95706F7C2A3A5740007FC87E /* SnapKit in Frameworks */,
			);
			runOnlyForDeploymentPostprocessing = 0;
		};
/* End PBXFrameworksBuildPhase section */

/* Begin PBXGroup section */
		95706F7D2A3A5B9D007FC87E /* Models */ = {
			isa = PBXGroup;
			children = (
				95706F7E2A3A5BAD007FC87E /* Beer.swift */,
				95706F802A3A5BE6007FC87E /* BoilVolume.swift */,
				95706F822A3A5C54007FC87E /* Fermentation.swift */,
				95706F842A3A5C6B007FC87E /* Method.swift */,
				95706F862A3A5C7E007FC87E /* MashTemp.swift */,
				95706F882A3A5C93007FC87E /* Malt.swift */,
				95706F8A2A3A5D13007FC87E /* Hop.swift */,
				95706F8C2A3A5D80007FC87E /* Ingredients.swift */,
			);
			path = Models;
			sourceTree = "<group>";
		};
		95E750802A3A503D001CE8EA = {
			isa = PBXGroup;
			children = (
				95E7508B2A3A503D001CE8EA /* punkproject */,
				95E7508A2A3A503D001CE8EA /* Products */,
			);
			sourceTree = "<group>";
		};
		95E7508A2A3A503D001CE8EA /* Products */ = {
			isa = PBXGroup;
			children = (
				95E750892A3A503D001CE8EA /* punkproject.app */,
			);
			name = Products;
			sourceTree = "<group>";
		};
		95E7508B2A3A503D001CE8EA /* punkproject */ = {
			isa = PBXGroup;
			children = (
				95706F7D2A3A5B9D007FC87E /* Models */,
				95E750A42A3A5193001CE8EA /* Application Layer */,
				95E750A52A3A51AE001CE8EA /* Core Layer */,
				95E750A62A3A51B7001CE8EA /* Presentation Layer */,
				95E750A32A3A517A001CE8EA /* Resources */,
				95E750952A3A503D001CE8EA /* punkproject.xcdatamodeld */,
			);
			path = punkproject;
			sourceTree = "<group>";
		};
		95E750A32A3A517A001CE8EA /* Resources */ = {
			isa = PBXGroup;
			children = (
				95E750982A3A503E001CE8EA /* Assets.xcassets */,
				95E750922A3A503D001CE8EA /* Main.storyboard */,
				95E7509A2A3A503E001CE8EA /* LaunchScreen.storyboard */,
				95E7509D2A3A503E001CE8EA /* Info.plist */,
			);
			path = Resources;
			sourceTree = "<group>";
		};
		95E750A42A3A5193001CE8EA /* Application Layer */ = {
			isa = PBXGroup;
			children = (
				95E7508C2A3A503D001CE8EA /* AppDelegate.swift */,
				95E7508E2A3A503D001CE8EA /* SceneDelegate.swift */,
			);
			path = "Application Layer";
			sourceTree = "<group>";
		};
		95E750A52A3A51AE001CE8EA /* Core Layer */ = {
			isa = PBXGroup;
			children = (
			);
			path = "Core Layer";
			sourceTree = "<group>";
		};
		95E750A62A3A51B7001CE8EA /* Presentation Layer */ = {
			isa = PBXGroup;
			children = (
				95E750902A3A503D001CE8EA /* ViewController.swift */,
			);
			path = "Presentation Layer";
			sourceTree = "<group>";
		};
/* End PBXGroup section */

/* Begin PBXNativeTarget section */
		95E750882A3A503D001CE8EA /* punkproject */ = {
			isa = PBXNativeTarget;
			buildConfigurationList = 95E750A02A3A503E001CE8EA /* Build configuration list for PBXNativeTarget "punkproject" */;
			buildPhases = (
				95E750852A3A503D001CE8EA /* Sources */,
				95E750862A3A503D001CE8EA /* Frameworks */,
				95E750872A3A503D001CE8EA /* Resources */,
			);
			buildRules = (
			);
			dependencies = (
			);
			name = punkproject;
			packageProductDependencies = (
				95706F7B2A3A5740007FC87E /* SnapKit */,
			);
			productName = punkproject;
			productReference = 95E750892A3A503D001CE8EA /* punkproject.app */;
			productType = "com.apple.product-type.application";
		};
/* End PBXNativeTarget section */

/* Begin PBXProject section */
		95E750812A3A503D001CE8EA /* Project object */ = {
			isa = PBXProject;
			attributes = {
				BuildIndependentTargetsInParallel = 1;
				LastSwiftUpdateCheck = 1430;
				LastUpgradeCheck = 1430;
				TargetAttributes = {
					95E750882A3A503D001CE8EA = {
						CreatedOnToolsVersion = 14.3.1;
					};
				};
			};
			buildConfigurationList = 95E750842A3A503D001CE8EA /* Build configuration list for PBXProject "punkproject" */;
			compatibilityVersion = "Xcode 14.0";
			developmentRegion = en;
			hasScannedForEncodings = 0;
			knownRegions = (
				en,
				Base,
			);
			mainGroup = 95E750802A3A503D001CE8EA;
			packageReferences = (
				95706F7A2A3A5740007FC87E /* XCRemoteSwiftPackageReference "SnapKit" */,
			);
			productRefGroup = 95E7508A2A3A503D001CE8EA /* Products */;
			projectDirPath = "";
			projectRoot = "";
			targets = (
				95E750882A3A503D001CE8EA /* punkproject */,
			);
		};
/* End PBXProject section */

/* Begin PBXResourcesBuildPhase section */
		95E750872A3A503D001CE8EA /* Resources */ = {
			isa = PBXResourcesBuildPhase;
			buildActionMask = 2147483647;
			files = (
				95E7509C2A3A503E001CE8EA /* LaunchScreen.storyboard in Resources */,
				95E750992A3A503E001CE8EA /* Assets.xcassets in Resources */,
				95E750942A3A503D001CE8EA /* Main.storyboard in Resources */,
			);
			runOnlyForDeploymentPostprocessing = 0;
		};
/* End PBXResourcesBuildPhase section */

/* Begin PBXSourcesBuildPhase section */
		95E750852A3A503D001CE8EA /* Sources */ = {
			isa = PBXSourcesBuildPhase;
			buildActionMask = 2147483647;
			files = (
				95E750912A3A503D001CE8EA /* ViewController.swift in Sources */,
				95E750972A3A503D001CE8EA /* punkproject.xcdatamodeld in Sources */,
				95706F7F2A3A5BAD007FC87E /* Beer.swift in Sources */,
				95706F8D2A3A5D80007FC87E /* Ingredients.swift in Sources */,
				95706F872A3A5C7E007FC87E /* MashTemp.swift in Sources */,
				95E7508D2A3A503D001CE8EA /* AppDelegate.swift in Sources */,
				95706F832A3A5C54007FC87E /* Fermentation.swift in Sources */,
				95706F852A3A5C6B007FC87E /* Method.swift in Sources */,
				95E7508F2A3A503D001CE8EA /* SceneDelegate.swift in Sources */,
				95706F892A3A5C93007FC87E /* Malt.swift in Sources */,
				95706F812A3A5BE6007FC87E /* BoilVolume.swift in Sources */,
				95706F8B2A3A5D14007FC87E /* Hop.swift in Sources */,
			);
			runOnlyForDeploymentPostprocessing = 0;
		};
/* End PBXSourcesBuildPhase section */

/* Begin PBXVariantGroup section */
		95E750922A3A503D001CE8EA /* Main.storyboard */ = {
			isa = PBXVariantGroup;
			children = (
				95E750932A3A503D001CE8EA /* Base */,
			);
			name = Main.storyboard;
			sourceTree = "<group>";
		};
		95E7509A2A3A503E001CE8EA /* LaunchScreen.storyboard */ = {
			isa = PBXVariantGroup;
			children = (
				95E7509B2A3A503E001CE8EA /* Base */,
			);
			name = LaunchScreen.storyboard;
			sourceTree = "<group>";
		};
/* End PBXVariantGroup section */

/* Begin XCBuildConfiguration section */
		95E7509E2A3A503E001CE8EA /* Debug */ = {
			isa = XCBuildConfiguration;
			buildSettings = {
				ALWAYS_SEARCH_USER_PATHS = NO;
				CLANG_ANALYZER_NONNULL = YES;
				CLANG_ANALYZER_NUMBER_OBJECT_CONVERSION = YES_AGGRESSIVE;
				CLANG_CXX_LANGUAGE_STANDARD = "gnu++20";
				CLANG_ENABLE_MODULES = YES;
				CLANG_ENABLE_OBJC_ARC = YES;
				CLANG_ENABLE_OBJC_WEAK = YES;
				CLANG_WARN_BLOCK_CAPTURE_AUTORELEASING = YES;
				CLANG_WARN_BOOL_CONVERSION = YES;
				CLANG_WARN_COMMA = YES;
				CLANG_WARN_CONSTANT_CONVERSION = YES;
				CLANG_WARN_DEPRECATED_OBJC_IMPLEMENTATIONS = YES;
				CLANG_WARN_DIRECT_OBJC_ISA_USAGE = YES_ERROR;
				CLANG_WARN_DOCUMENTATION_COMMENTS = YES;
				CLANG_WARN_EMPTY_BODY = YES;
				CLANG_WARN_ENUM_CONVERSION = YES;
				CLANG_WARN_INFINITE_RECURSION = YES;
				CLANG_WARN_INT_CONVERSION = YES;
				CLANG_WARN_NON_LITERAL_NULL_CONVERSION = YES;
				CLANG_WARN_OBJC_IMPLICIT_RETAIN_SELF = YES;
				CLANG_WARN_OBJC_LITERAL_CONVERSION = YES;
				CLANG_WARN_OBJC_ROOT_CLASS = YES_ERROR;
				CLANG_WARN_QUOTED_INCLUDE_IN_FRAMEWORK_HEADER = YES;
				CLANG_WARN_RANGE_LOOP_ANALYSIS = YES;
				CLANG_WARN_STRICT_PROTOTYPES = YES;
				CLANG_WARN_SUSPICIOUS_MOVE = YES;
				CLANG_WARN_UNGUARDED_AVAILABILITY = YES_AGGRESSIVE;
				CLANG_WARN_UNREACHABLE_CODE = YES;
				CLANG_WARN__DUPLICATE_METHOD_MATCH = YES;
				COPY_PHASE_STRIP = NO;
				DEBUG_INFORMATION_FORMAT = dwarf;
				ENABLE_STRICT_OBJC_MSGSEND = YES;
				ENABLE_TESTABILITY = YES;
				GCC_C_LANGUAGE_STANDARD = gnu11;
				GCC_DYNAMIC_NO_PIC = NO;
				GCC_NO_COMMON_BLOCKS = YES;
				GCC_OPTIMIZATION_LEVEL = 0;
				GCC_PREPROCESSOR_DEFINITIONS = (
					"DEBUG=1",
					"$(inherited)",
				);
				GCC_WARN_64_TO_32_BIT_CONVERSION = YES;
				GCC_WARN_ABOUT_RETURN_TYPE = YES_ERROR;
				GCC_WARN_UNDECLARED_SELECTOR = YES;
				GCC_WARN_UNINITIALIZED_AUTOS = YES_AGGRESSIVE;
				GCC_WARN_UNUSED_FUNCTION = YES;
				GCC_WARN_UNUSED_VARIABLE = YES;
				IPHONEOS_DEPLOYMENT_TARGET = 16.4;
				MTL_ENABLE_DEBUG_INFO = INCLUDE_SOURCE;
				MTL_FAST_MATH = YES;
				ONLY_ACTIVE_ARCH = YES;
				SDKROOT = iphoneos;
				SWIFT_ACTIVE_COMPILATION_CONDITIONS = DEBUG;
				SWIFT_OPTIMIZATION_LEVEL = "-Onone";
			};
			name = Debug;
		};
		95E7509F2A3A503E001CE8EA /* Release */ = {
			isa = XCBuildConfiguration;
			buildSettings = {
				ALWAYS_SEARCH_USER_PATHS = NO;
				CLANG_ANALYZER_NONNULL = YES;
				CLANG_ANALYZER_NUMBER_OBJECT_CONVERSION = YES_AGGRESSIVE;
				CLANG_CXX_LANGUAGE_STANDARD = "gnu++20";
				CLANG_ENABLE_MODULES = YES;
				CLANG_ENABLE_OBJC_ARC = YES;
				CLANG_ENABLE_OBJC_WEAK = YES;
				CLANG_WARN_BLOCK_CAPTURE_AUTORELEASING = YES;
				CLANG_WARN_BOOL_CONVERSION = YES;
				CLANG_WARN_COMMA = YES;
				CLANG_WARN_CONSTANT_CONVERSION = YES;
				CLANG_WARN_DEPRECATED_OBJC_IMPLEMENTATIONS = YES;
				CLANG_WARN_DIRECT_OBJC_ISA_USAGE = YES_ERROR;
				CLANG_WARN_DOCUMENTATION_COMMENTS = YES;
				CLANG_WARN_EMPTY_BODY = YES;
				CLANG_WARN_ENUM_CONVERSION = YES;
				CLANG_WARN_INFINITE_RECURSION = YES;
				CLANG_WARN_INT_CONVERSION = YES;
				CLANG_WARN_NON_LITERAL_NULL_CONVERSION = YES;
				CLANG_WARN_OBJC_IMPLICIT_RETAIN_SELF = YES;
				CLANG_WARN_OBJC_LITERAL_CONVERSION = YES;
				CLANG_WARN_OBJC_ROOT_CLASS = YES_ERROR;
				CLANG_WARN_QUOTED_INCLUDE_IN_FRAMEWORK_HEADER = YES;
				CLANG_WARN_RANGE_LOOP_ANALYSIS = YES;
				CLANG_WARN_STRICT_PROTOTYPES = YES;
				CLANG_WARN_SUSPICIOUS_MOVE = YES;
				CLANG_WARN_UNGUARDED_AVAILABILITY = YES_AGGRESSIVE;
				CLANG_WARN_UNREACHABLE_CODE = YES;
				CLANG_WARN__DUPLICATE_METHOD_MATCH = YES;
				COPY_PHASE_STRIP = NO;
				DEBUG_INFORMATION_FORMAT = "dwarf-with-dsym";
				ENABLE_NS_ASSERTIONS = NO;
				ENABLE_STRICT_OBJC_MSGSEND = YES;
				GCC_C_LANGUAGE_STANDARD = gnu11;
				GCC_NO_COMMON_BLOCKS = YES;
				GCC_WARN_64_TO_32_BIT_CONVERSION = YES;
				GCC_WARN_ABOUT_RETURN_TYPE = YES_ERROR;
				GCC_WARN_UNDECLARED_SELECTOR = YES;
				GCC_WARN_UNINITIALIZED_AUTOS = YES_AGGRESSIVE;
				GCC_WARN_UNUSED_FUNCTION = YES;
				GCC_WARN_UNUSED_VARIABLE = YES;
				IPHONEOS_DEPLOYMENT_TARGET = 16.4;
				MTL_ENABLE_DEBUG_INFO = NO;
				MTL_FAST_MATH = YES;
				SDKROOT = iphoneos;
				SWIFT_COMPILATION_MODE = wholemodule;
				SWIFT_OPTIMIZATION_LEVEL = "-O";
				VALIDATE_PRODUCT = YES;
			};
			name = Release;
		};
		95E750A12A3A503E001CE8EA /* Debug */ = {
			isa = XCBuildConfiguration;
			buildSettings = {
				ASSETCATALOG_COMPILER_APPICON_NAME = AppIcon;
				ASSETCATALOG_COMPILER_GLOBAL_ACCENT_COLOR_NAME = AccentColor;
				CODE_SIGN_STYLE = Automatic;
				CURRENT_PROJECT_VERSION = 1;
				DEVELOPMENT_TEAM = 727WSJDZ7D;
				GENERATE_INFOPLIST_FILE = YES;
				INFOPLIST_FILE = punkproject/Resources/Info.plist;
				INFOPLIST_KEY_UIApplicationSupportsIndirectInputEvents = YES;
				INFOPLIST_KEY_UILaunchStoryboardName = LaunchScreen;
				INFOPLIST_KEY_UIMainStoryboardFile = Main;
				INFOPLIST_KEY_UISupportedInterfaceOrientations_iPad = "UIInterfaceOrientationPortrait UIInterfaceOrientationPortraitUpsideDown UIInterfaceOrientationLandscapeLeft UIInterfaceOrientationLandscapeRight";
				INFOPLIST_KEY_UISupportedInterfaceOrientations_iPhone = "UIInterfaceOrientationPortrait UIInterfaceOrientationLandscapeLeft UIInterfaceOrientationLandscapeRight";
				LD_RUNPATH_SEARCH_PATHS = (
					"$(inherited)",
					"@executable_path/Frameworks",
				);
				MARKETING_VERSION = 1.0;
				PRODUCT_BUNDLE_IDENTIFIER = none.punkproject;
				PRODUCT_NAME = "$(TARGET_NAME)";
				SWIFT_EMIT_LOC_STRINGS = YES;
				SWIFT_VERSION = 5.0;
				TARGETED_DEVICE_FAMILY = "1,2";
			};
			name = Debug;
		};
		95E750A22A3A503E001CE8EA /* Release */ = {
			isa = XCBuildConfiguration;
			buildSettings = {
				ASSETCATALOG_COMPILER_APPICON_NAME = AppIcon;
				ASSETCATALOG_COMPILER_GLOBAL_ACCENT_COLOR_NAME = AccentColor;
				CODE_SIGN_STYLE = Automatic;
				CURRENT_PROJECT_VERSION = 1;
				DEVELOPMENT_TEAM = 727WSJDZ7D;
				GENERATE_INFOPLIST_FILE = YES;
				INFOPLIST_FILE = punkproject/Resources/Info.plist;
				INFOPLIST_KEY_UIApplicationSupportsIndirectInputEvents = YES;
				INFOPLIST_KEY_UILaunchStoryboardName = LaunchScreen;
				INFOPLIST_KEY_UIMainStoryboardFile = Main;
				INFOPLIST_KEY_UISupportedInterfaceOrientations_iPad = "UIInterfaceOrientationPortrait UIInterfaceOrientationPortraitUpsideDown UIInterfaceOrientationLandscapeLeft UIInterfaceOrientationLandscapeRight";
				INFOPLIST_KEY_UISupportedInterfaceOrientations_iPhone = "UIInterfaceOrientationPortrait UIInterfaceOrientationLandscapeLeft UIInterfaceOrientationLandscapeRight";
				LD_RUNPATH_SEARCH_PATHS = (
					"$(inherited)",
					"@executable_path/Frameworks",
				);
				MARKETING_VERSION = 1.0;
				PRODUCT_BUNDLE_IDENTIFIER = none.punkproject;
				PRODUCT_NAME = "$(TARGET_NAME)";
				SWIFT_EMIT_LOC_STRINGS = YES;
				SWIFT_VERSION = 5.0;
				TARGETED_DEVICE_FAMILY = "1,2";
			};
			name = Release;
		};
/* End XCBuildConfiguration section */

/* Begin XCConfigurationList section */
		95E750842A3A503D001CE8EA /* Build configuration list for PBXProject "punkproject" */ = {
			isa = XCConfigurationList;
			buildConfigurations = (
				95E7509E2A3A503E001CE8EA /* Debug */,
				95E7509F2A3A503E001CE8EA /* Release */,
			);
			defaultConfigurationIsVisible = 0;
			defaultConfigurationName = Release;
		};
		95E750A02A3A503E001CE8EA /* Build configuration list for PBXNativeTarget "punkproject" */ = {
			isa = XCConfigurationList;
			buildConfigurations = (
				95E750A12A3A503E001CE8EA /* Debug */,
				95E750A22A3A503E001CE8EA /* Release */,
			);
			defaultConfigurationIsVisible = 0;
			defaultConfigurationName = Release;
		};
/* End XCConfigurationList section */

/* Begin XCRemoteSwiftPackageReference section */
		95706F7A2A3A5740007FC87E /* XCRemoteSwiftPackageReference "SnapKit" */ = {
			isa = XCRemoteSwiftPackageReference;
			repositoryURL = "https://github.com/SnapKit/SnapKit.git";
			requirement = {
				kind = upToNextMajorVersion;
				minimumVersion = 5.0.0;
			};
		};
/* End XCRemoteSwiftPackageReference section */

/* Begin XCSwiftPackageProductDependency section */
		95706F7B2A3A5740007FC87E /* SnapKit */ = {
			isa = XCSwiftPackageProductDependency;
			package = 95706F7A2A3A5740007FC87E /* XCRemoteSwiftPackageReference "SnapKit" */;
			productName = SnapKit;
		};
/* End XCSwiftPackageProductDependency section */

/* Begin XCVersionGroup section */
		95E750952A3A503D001CE8EA /* punkproject.xcdatamodeld */ = {
			isa = XCVersionGroup;
			children = (
				95E750962A3A503D001CE8EA /* punkproject.xcdatamodel */,
			);
			currentVersion = 95E750962A3A503D001CE8EA /* punkproject.xcdatamodel */;
			path = punkproject.xcdatamodeld;
			sourceTree = "<group>";
			versionGroupType = wrapper.xcdatamodel;
		};
/* End XCVersionGroup section */
	};
	rootObject = 95E750812A3A503D001CE8EA /* Project object */;
}
